// !$*UTF8*$!
{
	archiveVersion = 1;
	classes = {
	};
	objectVersion = 77;
	objects = {

/* Begin PBXBuildFile section */
		00FC5E8D5594554A2BC6DED8 /* ProviderSettings.swift in Sources */ = {isa = PBXBuildFile; fileRef = 6E2F0648BFF26215581F3521 /* ProviderSettings.swift */; };
		03DE67E1320646E1BAB7EF65 /* DiagnosticsView.swift in Sources */ = {isa = PBXBuildFile; fileRef = 9033CD749835B6C3285660AF /* DiagnosticsView.swift */; };
		041108F0C7528C8C362E0851 /* ModelModality.swift in Sources */ = {isa = PBXBuildFile; fileRef = A120211BC81051181BFFD2A9 /* ModelModality.swift */; };
		04C099ACB532769F8003BEE9 /* SkillPackageTests.swift in Sources */ = {isa = PBXBuildFile; fileRef = F94421697B05F7E0BE1255D1 /* SkillPackageTests.swift */; };
		04C2620AD2CD89F256CB508D /* MiniAppCapability.swift in Sources */ = {isa = PBXBuildFile; fileRef = A160BDDE100B930F17D58C54 /* MiniAppCapability.swift */; };
		0507A6B7D7F51C36D2B2A319 /* HTTPPolicy.swift in Sources */ = {isa = PBXBuildFile; fileRef = 120505D3D47D96F5141DD1F2 /* HTTPPolicy.swift */; };
		050EB5C5467F332850E67A3A /* ProviderCompatTests.swift in Sources */ = {isa = PBXBuildFile; fileRef = 6C6B1D27DAE42B985CF36BE1 /* ProviderCompatTests.swift */; };
		05C67F5BC53BDA986CBCCC95 /* AtomicFileStoreTests.swift in Sources */ = {isa = PBXBuildFile; fileRef = EFB08135CC0ED3BF168B18F2 /* AtomicFileStoreTests.swift */; };
		0644A61CAA43A24596FEB946 /* Analytics.swift in Sources */ = {isa = PBXBuildFile; fileRef = 5E788FCA5BA9AE97A20E3AB3 /* Analytics.swift */; };
		066E77B13FA75C16FF1C2CD5 /* ContentReport.swift in Sources */ = {isa = PBXBuildFile; fileRef = 76428C2E2A2205D360142202 /* ContentReport.swift */; };
		0C0552BB218774258410AB62 /* SubAgentRunner.swift in Sources */ = {isa = PBXBuildFile; fileRef = 0E1D030F8EEC25B7DD8590D0 /* SubAgentRunner.swift */; };
		0EDB9E10A7D741108C97D3D9 /* MiniAppTile.swift in Sources */ = {isa = PBXBuildFile; fileRef = 315627FAE6EE6ABD11354958 /* MiniAppTile.swift */; };
		112C36316BB40B56BD4B71DE /* Assets.xcassets in Resources */ = {isa = PBXBuildFile; fileRef = D162B8EE335555B362AF1558 /* Assets.xcassets */; };
		113BB5E66114F5F8205438E5 /* AgentStore.swift in Sources */ = {isa = PBXBuildFile; fileRef = 456F1A9EC7D1CCDD45775BA5 /* AgentStore.swift */; };
		11B0F73A9C0A1B025CCECF8B /* SettingsStore.swift in Sources */ = {isa = PBXBuildFile; fileRef = 001ACFE23DC3902551F49327 /* SettingsStore.swift */; };
		130394E1C126FFCCE6DC49AF /* GroupSelfTest.swift in Sources */ = {isa = PBXBuildFile; fileRef = DE1DB4A73CD1F26E08C12318 /* GroupSelfTest.swift */; };
		1727FB2E5293C87E82385CC9 /* AgentModelPicker.swift in Sources */ = {isa = PBXBuildFile; fileRef = 663370337C8CA56C965C2B3D /* AgentModelPicker.swift */; };
		19E0A1AA8F85273072F4DEAE /* ContentReportTests.swift in Sources */ = {isa = PBXBuildFile; fileRef = 1F1ABE9698E6EB896BFDD090 /* ContentReportTests.swift */; };
		1C99875F3564B076392F5868 /* MiniAppValidatorTests.swift in Sources */ = {isa = PBXBuildFile; fileRef = 0D6A69B321F0B9D850477143 /* MiniAppValidatorTests.swift */; };
		21A06D89166AEB7E11D5799B /* AuditRemainderTests.swift in Sources */ = {isa = PBXBuildFile; fileRef = 72C211BC38C86A009122848F /* AuditRemainderTests.swift */; };
		2313637FF6ED7049FDBC8801 /* ModalChrome.swift in Sources */ = {isa = PBXBuildFile; fileRef = 63D2679C540EB651BD2325AF /* ModalChrome.swift */; };
		28AADA661062BD46DB0A0EDC /* SettingsRow.swift in Sources */ = {isa = PBXBuildFile; fileRef = 41FC1000764FE804EBCFC923 /* SettingsRow.swift */; };
		29754FE8303B56FDFE9BD7FF /* LLMProvider.swift in Sources */ = {isa = PBXBuildFile; fileRef = C1BE1D072ECC42831F6482CF /* LLMProvider.swift */; };
		2A1AB1ABBBB454CDD76C7CFE /* NetworkErrorFriendly.swift in Sources */ = {isa = PBXBuildFile; fileRef = 1D251FBE571B441140F3B945 /* NetworkErrorFriendly.swift */; };
		2D1330A2FD233A7800198AE2 /* MiniAppBundle.swift in Sources */ = {isa = PBXBuildFile; fileRef = 1392287F6C0E834FAA71B8B6 /* MiniAppBundle.swift */; };
		30845FF5876ED109329F0CD9 /* OAuthServiceTests.swift in Sources */ = {isa = PBXBuildFile; fileRef = 8015895FBCB654D64B179212 /* OAuthServiceTests.swift */; };
		3114C004A552375EF3D8F08E /* ProviderProfilesTests.swift in Sources */ = {isa = PBXBuildFile; fileRef = 3C5FF94B44063B01088D5671 /* ProviderProfilesTests.swift */; };
		317D20B68CE0C932E1B35F66 /* SkillPackage.swift in Sources */ = {isa = PBXBuildFile; fileRef = 08C5F4775EA7255155F12151 /* SkillPackage.swift */; };
		38434083D764126E44AD8061 /* MLXProvider.swift in Sources */ = {isa = PBXBuildFile; fileRef = 0C18F863EA219842EF0FDF8E /* MLXProvider.swift */; };
		3FD8544EC1E625846282E75D /* MiniApp.swift in Sources */ = {isa = PBXBuildFile; fileRef = 0AE7001C6015F3ED8028A812 /* MiniApp.swift */; };
		40747E4CD7BA22059AE5B22D /* MiniAppEditContextTests.swift in Sources */ = {isa = PBXBuildFile; fileRef = 0C9A59361BEACB918BD5FC01 /* MiniAppEditContextTests.swift */; };
		41000EB2B74D3D3B7E664F72 /* PasteCodeSheet.swift in Sources */ = {isa = PBXBuildFile; fileRef = 05541A04F12A85851A1D5B9D /* PasteCodeSheet.swift */; };
		4106AB5865694E8A510FC65E /* FullFlowUITests.swift in Sources */ = {isa = PBXBuildFile; fileRef = 495B0ABB1A3B34D0175425E4 /* FullFlowUITests.swift */; };
		41138385167F680BA6D9C63E /* ModelCatalogCache.swift in Sources */ = {isa = PBXBuildFile; fileRef = 2C86F83176F788DEC5D87646 /* ModelCatalogCache.swift */; };
		43DF99B9A97D9A21B686C9C3 /* Sandbox.swift in Sources */ = {isa = PBXBuildFile; fileRef = 930330240594778A07B89596 /* Sandbox.swift */; };
		4550F790431214563EBD56C2 /* GroupChatUITests.swift in Sources */ = {isa = PBXBuildFile; fileRef = 98BC40E8C2E345AF205629CD /* GroupChatUITests.swift */; };
		4A479301F6198310DA7077A7 /* Theme.swift in Sources */ = {isa = PBXBuildFile; fileRef = 2DDE36E6528E669C90B4A5AE /* Theme.swift */; };
		4B72B8AB5D07ACF3ACA0F465 /* WebSearchTool.swift in Sources */ = {isa = PBXBuildFile; fileRef = 1ECF26AD24A8A3ED8DD9E6AA /* WebSearchTool.swift */; };
		4F0C46055999E167345D1444 /* AgentLoop.swift in Sources */ = {isa = PBXBuildFile; fileRef = F56CF7D28858015116950FB2 /* AgentLoop.swift */; };
		515516005B0987CDA84B8011 /* ChatComposer.swift in Sources */ = {isa = PBXBuildFile; fileRef = D65132944EDD2E70CE9A4190 /* ChatComposer.swift */; };
		5195B6E0E2F504654EFF8AB0 /* MiniAppBundleTests.swift in Sources */ = {isa = PBXBuildFile; fileRef = 6CD59DF34EB2C44797D18EB6 /* MiniAppBundleTests.swift */; };
		524B5A502C8321CFC9F8BB4A /* DiagnosticsReport.swift in Sources */ = {isa = PBXBuildFile; fileRef = CECAE9910918A953E594FB98 /* DiagnosticsReport.swift */; };
		529E1729C206B4CC2905B75C /* AskAgentTool.swift in Sources */ = {isa = PBXBuildFile; fileRef = 5A9D5B16589E98A28D5A8625 /* AskAgentTool.swift */; };
		544FBA93BAB7AE6A62F00B33 /* GroupChatRunner.swift in Sources */ = {isa = PBXBuildFile; fileRef = E122081B01645D87980F6F32 /* GroupChatRunner.swift */; };
		55C44BEB12DF7B79C059A5A3 /* ProviderHTTP.swift in Sources */ = {isa = PBXBuildFile; fileRef = 0968349080466C8D0E568C49 /* ProviderHTTP.swift */; };
		560B55C92EC8FF19C9327D76 /* WebAppBuilder.swift in Sources */ = {isa = PBXBuildFile; fileRef = 2E8D34CD92895CEE357BD33B /* WebAppBuilder.swift */; };
		59F430BC43E2753F665F45D6 /* ConnectionsOverviewView.swift in Sources */ = {isa = PBXBuildFile; fileRef = 8CB3FC910F25904734DC9839 /* ConnectionsOverviewView.swift */; };
		60B3574A25D62B373DF1164C /* ZipSkillExtractor.swift in Sources */ = {isa = PBXBuildFile; fileRef = 3C65B0A742718901D6873603 /* ZipSkillExtractor.swift */; };
		60BCE1C6D129BC8EAB5A2D03 /* ProviderConnectionView.swift in Sources */ = {isa = PBXBuildFile; fileRef = A45E2CD712FE5E52DC30F52F /* ProviderConnectionView.swift */; };
		64CE1BDF8ABE33571E7C932B /* LocalModelStore.swift in Sources */ = {isa = PBXBuildFile; fileRef = 8DD7D24371D8F94E84498FBA /* LocalModelStore.swift */; };
		6500833666CD60BB1AA5EC82 /* AppScreen.swift in Sources */ = {isa = PBXBuildFile; fileRef = 5E9D07F0FA14E5D801DDC06F /* AppScreen.swift */; };
		6876F6FB1F4B6F3C6C18B869 /* ProviderProfiles.swift in Sources */ = {isa = PBXBuildFile; fileRef = 07F4919952C177D32E92BB59 /* ProviderProfiles.swift */; };
		6A1ACE1EB789CD6F31256F66 /* ShipReadinessTests.swift in Sources */ = {isa = PBXBuildFile; fileRef = 7C0F84349D42610A96B83C8C /* ShipReadinessTests.swift */; };
		6AB254B91A2E253599524DD2 /* LocalRuntimePolicyTests.swift in Sources */ = {isa = PBXBuildFile; fileRef = DA8466963EF2CD19656D9FEB /* LocalRuntimePolicyTests.swift */; };
		6F6EA0AD89FC132B8077CA87 /* AnthropicProvider.swift in Sources */ = {isa = PBXBuildFile; fileRef = 851324968383202E8E3BAF7B /* AnthropicProvider.swift */; };
		7331F42B60918A54B3B3A5A2 /* AddSkillSheet.swift in Sources */ = {isa = PBXBuildFile; fileRef = 22FCF2E8FDC1437D7606750E /* AddSkillSheet.swift */; };
		73D7A6B9747AF7E9E8F416E2 /* Keychain.swift in Sources */ = {isa = PBXBuildFile; fileRef = 0F3FDEE8823CCA1871942F2F /* Keychain.swift */; };
		75EBC17C6657C39B67F5B9A5 /* AgentDelegationTests.swift in Sources */ = {isa = PBXBuildFile; fileRef = 8BA342ADD82161221241ACE1 /* AgentDelegationTests.swift */; };
		7638D9B8308E1A606793ADA7 /* OAuthService.swift in Sources */ = {isa = PBXBuildFile; fileRef = 8ABB510FA42777974274E004 /* OAuthService.swift */; };
		789237983030FA01832A6906 /* MiniAppSheet.swift in Sources */ = {isa = PBXBuildFile; fileRef = 625099991BC035FAF50720AE /* MiniAppSheet.swift */; };
		7DBB3207B4E8ACA327538280 /* SkillsView.swift in Sources */ = {isa = PBXBuildFile; fileRef = AB46AD8FB434B5CFCB76DD93 /* SkillsView.swift */; };
		7DED930B741A78AC67DAF426 /* AIAppLiveActivityBundle.swift in Sources */ = {isa = PBXBuildFile; fileRef = AB298954AA86AB20388D0735 /* AIAppLiveActivityBundle.swift */; };
		80862C128CB62D9B0BA431B6 /* ConnectionProbe.swift in Sources */ = {isa = PBXBuildFile; fileRef = F9FF8C6F144D582B46438129 /* ConnectionProbe.swift */; };
		8323849F89A438D8D5A0D3D0 /* MemoryPressure.swift in Sources */ = {isa = PBXBuildFile; fileRef = 43918F31F3CCEA61F225CBF9 /* MemoryPressure.swift */; };
		83326E929AE4F22D82E7BE1E /* DiagnosticsUITests.swift in Sources */ = {isa = PBXBuildFile; fileRef = 77FA12D4F5198A0234EC746A /* DiagnosticsUITests.swift */; };
		84373B534DBE51066F0488EF /* BackupRoundTripTests.swift in Sources */ = {isa = PBXBuildFile; fileRef = 2B5B359F8FEE6A340921B0B8 /* BackupRoundTripTests.swift */; };
		85090C5EE061CEDD48A761B2 /* DiagnosticsTests.swift in Sources */ = {isa = PBXBuildFile; fileRef = 433AC16A5452EB60B84792AF /* DiagnosticsTests.swift */; };
		8AD221FEF1B8C8AD26B41507 /* MediaStore.swift in Sources */ = {isa = PBXBuildFile; fileRef = 122F7974E96E74B9FF933BF7 /* MediaStore.swift */; };
		8AEC23EB8B0C5535154E25F0 /* BackupService.swift in Sources */ = {isa = PBXBuildFile; fileRef = F04C8896CDE2E3B7A606FC63 /* BackupService.swift */; };
		8B4A39C25D38429571EA3572 /* AgentsView.swift in Sources */ = {isa = PBXBuildFile; fileRef = 235A2D84903E13A3D8E7A10F /* AgentsView.swift */; };
		8D23EA1119A363739C148D1A /* OpenAICompatibleProvider.swift in Sources */ = {isa = PBXBuildFile; fileRef = BC5114A5AE539D250B891038 /* OpenAICompatibleProvider.swift */; };
		8F97A78FFB5E6BD58A4ED24C /* AgentTool.swift in Sources */ = {isa = PBXBuildFile; fileRef = 08F42566CC84DCCF803F8163 /* AgentTool.swift */; };
		92A149CD928D78C1E4C35AC6 /* MLXLLM in Frameworks */ = {isa = PBXBuildFile; productRef = 68E7117D7176BD2E5BDF2039 /* MLXLLM */; };
		941E1FE9F4AD0B1ABF347849 /* AgentActivityAttributes.swift in Sources */ = {isa = PBXBuildFile; fileRef = 89C708D4BF2A41A45532FF21 /* AgentActivityAttributes.swift */; };
		96C25F2C93B560D1D74690C6 /* BrowserFetch.swift in Sources */ = {isa = PBXBuildFile; fileRef = B5FB0734FFDAB0AB40D69F53 /* BrowserFetch.swift */; };
		971CD1E01BCDF6DFA3A9BEF7 /* MiniAppValidator.swift in Sources */ = {isa = PBXBuildFile; fileRef = B64CD47856B221735B081C23 /* MiniAppValidator.swift */; };
		97B77AE2989796A7A348153B /* ChatView.swift in Sources */ = {isa = PBXBuildFile; fileRef = B4B2EA74FF4BD1B12C3AA85D /* ChatView.swift */; };
		99A018DB0E2B336557D6C086 /* ProviderConnectionModel.swift in Sources */ = {isa = PBXBuildFile; fileRef = CC9C15C20ED918F43C8F8287 /* ProviderConnectionModel.swift */; };
		99CA6AEF475BC15536DC76EF /* PlainPasteboard.swift in Sources */ = {isa = PBXBuildFile; fileRef = D666B7BFBCD64AD9FAB95FB3 /* PlainPasteboard.swift */; };
		9ABF6C3D00F6390AC402A8CB /* AgentRoleWriter.swift in Sources */ = {isa = PBXBuildFile; fileRef = D6D341DD6A5EC5D8D7359130 /* AgentRoleWriter.swift */; };
		9BDEEE9562D1AD6824CBF328 /* OnboardingModal.swift in Sources */ = {isa = PBXBuildFile; fileRef = 1BD5238145925FEF47D07BC0 /* OnboardingModal.swift */; };
		9C879638BC75A3A26730DC29 /* AIAppLiveActivity.appex in Embed Foundation Extensions */ = {isa = PBXBuildFile; fileRef = 30ED079172073256DDBC629B /* AIAppLiveActivity.appex */; settings = {ATTRIBUTES = (RemoveHeadersOnCopy, ); }; };
		9C9897140DB06751A001AE3C /* CrashNoticeBanner.swift in Sources */ = {isa = PBXBuildFile; fileRef = E9931F285A45AD02DD78F9BC /* CrashNoticeBanner.swift */; };
		A2B771F655C9BE333B01191F /* ThemeTests.swift in Sources */ = {isa = PBXBuildFile; fileRef = C5159AF124A9D16B5CA078C1 /* ThemeTests.swift */; };
		A2CDEE0A43C9ECB7CE541427 /* LocalModelLocationTests.swift in Sources */ = {isa = PBXBuildFile; fileRef = 2C3071FF7163FA0580F35F6E /* LocalModelLocationTests.swift */; };
		A3CE77CCBF0C64C1F98818B6 /* AtomicFileStore.swift in Sources */ = {isa = PBXBuildFile; fileRef = D329EB9FBDCA75844024D1D7 /* AtomicFileStore.swift */; };
		A50C01B73E50281E069B3219 /* AppPreferences.swift in Sources */ = {isa = PBXBuildFile; fileRef = 198ED6BA068D6907941C7C3B /* AppPreferences.swift */; };
		A7030245B606406BD37BCF11 /* FetchURLTool.swift in Sources */ = {isa = PBXBuildFile; fileRef = 88125783408036D8E995FCA5 /* FetchURLTool.swift */; };
		A981FE87D71FCDA002C7362F /* AgentLiveActivityWidget.swift in Sources */ = {isa = PBXBuildFile; fileRef = 9C9C8F38CD89DD16E7CB01A2 /* AgentLiveActivityWidget.swift */; };
		AB12EC5F23FCA39C5F9E4F35 /* ProviderPreset.swift in Sources */ = {isa = PBXBuildFile; fileRef = DF3AC7A4A0BA71623D3D51B0 /* ProviderPreset.swift */; };
		AB2EF52A42CC179EDC3F051D /* AccountStore.swift in Sources */ = {isa = PBXBuildFile; fileRef = 12758331C27403CB5D849CC4 /* AccountStore.swift */; };
		ACC26DC315DAF4BAFD2C574A /* ModelCatalogTests.swift in Sources */ = {isa = PBXBuildFile; fileRef = 17F951165BDDAA69ACF6561E /* ModelCatalogTests.swift */; };
		AE469D82EC595E85864FCF6E /* PrivacyInfo.xcprivacy in Resources */ = {isa = PBXBuildFile; fileRef = C16E8E5E4E68B9F5FDCAEFBF /* PrivacyInfo.xcprivacy */; };
		B175AA788AB0C9E894F020E1 /* SettingsTourUITests.swift in Sources */ = {isa = PBXBuildFile; fileRef = 93F8325DAC9548FB101F120A /* SettingsTourUITests.swift */; };
		B3E712C8951A91F7642ED2DC /* ToolCallParsingTests.swift in Sources */ = {isa = PBXBuildFile; fileRef = 592FAC2E2E94BA2A4E5FD5AF /* ToolCallParsingTests.swift */; };
		B868E23E754B579DDDA34019 /* BrowserFetchTests.swift in Sources */ = {isa = PBXBuildFile; fileRef = 266D94DDD73F14B006FB2D68 /* BrowserFetchTests.swift */; };
		B9AFB0660B84D6C0476A7E04 /* LibraryView.swift in Sources */ = {isa = PBXBuildFile; fileRef = 749E2BA724F63F627337FF5E /* LibraryView.swift */; };
		B9F5D3A9F8438BCD8D21FD36 /* EmptyStateView.swift in Sources */ = {isa = PBXBuildFile; fileRef = C5F264418E48EC4A1A1AE64F /* EmptyStateView.swift */; };
		BB91BE78C0DBEFDBB5004DD0 /* LaunchSplashView.swift in Sources */ = {isa = PBXBuildFile; fileRef = 9486190D17B2CF20EE1A3A6B /* LaunchSplashView.swift */; };
		BBCC18A2849DD39B8334C3CC /* ThreadDecodingTests.swift in Sources */ = {isa = PBXBuildFile; fileRef = B0BA5DB3624B77DD42F91DB5 /* ThreadDecodingTests.swift */; };
		BF1A4BB9E5CF4FAAE089061B /* SettingsView.swift in Sources */ = {isa = PBXBuildFile; fileRef = EF1FC1BCBCEFE7A60CF649E6 /* SettingsView.swift */; };
		C3D0A39A19C380D5BE46DF50 /* MiniAppRunnerView.swift in Sources */ = {isa = PBXBuildFile; fileRef = 5CB909ED9CD414C11FD42797 /* MiniAppRunnerView.swift */; };
		C4A9C03D26778668314D4496 /* AgentActivityAttributes.swift in Sources */ = {isa = PBXBuildFile; fileRef = 89C708D4BF2A41A45532FF21 /* AgentActivityAttributes.swift */; };
		C87AB0E41867A2E3C24F981B /* SkillStore.swift in Sources */ = {isa = PBXBuildFile; fileRef = 57538B3B72D740B8C83CD481 /* SkillStore.swift */; };
		CA64486EB3C158501F9D82B1 /* LocalRuntimePolicy.swift in Sources */ = {isa = PBXBuildFile; fileRef = 51C5F75BC4890C8C2B2AF59B /* LocalRuntimePolicy.swift */; };
		CD53EF76E6E3BECAE16D7AA3 /* ConnectionProbeTests.swift in Sources */ = {isa = PBXBuildFile; fileRef = 18BAB401436AAC0B0CA8FE9B /* ConnectionProbeTests.swift */; };
		CF2438697DF00094192B111B /* LocalMemoryTests.swift in Sources */ = {isa = PBXBuildFile; fileRef = 20EFAF7053FFF7D489E383CB /* LocalMemoryTests.swift */; };
		D1648B3A22D7A36F129DEC96 /* SkillRecommendations.swift in Sources */ = {isa = PBXBuildFile; fileRef = 8AC44973E1220CAA6251212E /* SkillRecommendations.swift */; };
		D24150977C8342B8713F34B4 /* NetworkTargetValidator.swift in Sources */ = {isa = PBXBuildFile; fileRef = A47B41787BB9423ACFDFFCFB /* NetworkTargetValidator.swift */; };
		D31DECDB34565EF98BA3E315 /* AIAppApp.swift in Sources */ = {isa = PBXBuildFile; fileRef = 3D8C4C9C0DF446132CF6E371 /* AIAppApp.swift */; };
		D3ADCA306B892B0C7BC75965 /* StableIdentifier.swift in Sources */ = {isa = PBXBuildFile; fileRef = 606201DE5D7BE5724535193B /* StableIdentifier.swift */; };
		D40F1A002B6985FCBF8E06BB /* RepositoryError.swift in Sources */ = {isa = PBXBuildFile; fileRef = E3146C66FBE0536895AA0C01 /* RepositoryError.swift */; };
		D49A77918D8926AE6BBF05AE /* ProviderConnectionModelTests.swift in Sources */ = {isa = PBXBuildFile; fileRef = 1A10B5B3D37AD8FCF3B4DE0E /* ProviderConnectionModelTests.swift */; };
		D701D54437E614671F4B8352 /* ImportSkillModal.swift in Sources */ = {isa = PBXBuildFile; fileRef = 6CDEE0662D6422273000A263 /* ImportSkillModal.swift */; };
		D712915053F2856706C1CE28 /* MLXSelfTest.swift in Sources */ = {isa = PBXBuildFile; fileRef = 76023C3267B21B84DBB5359F /* MLXSelfTest.swift */; };
		D8141D64A7E03DE615778D07 /* Assets.xcassets in Resources */ = {isa = PBXBuildFile; fileRef = A1481E1633D1F06549CF4AFA /* Assets.xcassets */; };
		D817671B08A9EFCFAA46BF12 /* MiniAppServices.swift in Sources */ = {isa = PBXBuildFile; fileRef = A5A7EBC99589ED208D3D8121 /* MiniAppServices.swift */; };
		D8E24D6523B25B4C6DB156AB /* AuthStore.swift in Sources */ = {isa = PBXBuildFile; fileRef = 3F007D44D78D3E579B415CC0 /* AuthStore.swift */; };
		DC148E7BE9604F3F8FB0172B /* DiagnosticsRecorder.swift in Sources */ = {isa = PBXBuildFile; fileRef = 5A1518D6D1989698FF92DF5D /* DiagnosticsRecorder.swift */; };
		DEFB0E361D6D325BB82B0C31 /* MLXLMCommon in Frameworks */ = {isa = PBXBuildFile; productRef = B87EE1D71C2386865E3FE7A7 /* MLXLMCommon */; };
		E0CE34C7AD86D9B4F85A3A54 /* SyncStatus.swift in Sources */ = {isa = PBXBuildFile; fileRef = B0406DECBE62CEB9AB0FE4A2 /* SyncStatus.swift */; };
		E6D527A59BB3712771A26E75 /* ReportContentSheet.swift in Sources */ = {isa = PBXBuildFile; fileRef = 7FAABD9AFCC0E572641D5FE3 /* ReportContentSheet.swift */; };
		EE87BB72426368F4AD0BA5DB /* ModelCatalogService.swift in Sources */ = {isa = PBXBuildFile; fileRef = C60F49D56B0F41AE9A20553C /* ModelCatalogService.swift */; };
		F206DAD2CFE1E06CECA4FC55 /* ImageGenerationTool.swift in Sources */ = {isa = PBXBuildFile; fileRef = 4831D1C0C33774F1B4FB92C5 /* ImageGenerationTool.swift */; };
		F8B17C15C9DDEA1736CB0232 /* MiniAppConsent.swift in Sources */ = {isa = PBXBuildFile; fileRef = 03CD3A873E43E090E151702D /* MiniAppConsent.swift */; };
		F96609EAC33C26D544150C05 /* AgentLiveActivityController.swift in Sources */ = {isa = PBXBuildFile; fileRef = 69A13B6EF2EBD864ADF05F14 /* AgentLiveActivityController.swift */; };
		FCA89ADDA177C6FE08E60D6D /* ChatMode.swift in Sources */ = {isa = PBXBuildFile; fileRef = B0BFB77CB58BC89BDE708DA6 /* ChatMode.swift */; };
		FCE07FF0DC972BAFCD86A126 /* ChatListView.swift in Sources */ = {isa = PBXBuildFile; fileRef = 4FF1BB0635E75BE008C90A71 /* ChatListView.swift */; };
		FE9F93850B5BECE1E3BC729E /* ProviderRequestSupport.swift in Sources */ = {isa = PBXBuildFile; fileRef = 451FFE4A80BDAE6B1D2F0AD9 /* ProviderRequestSupport.swift */; };
/* End PBXBuildFile section */

/* Begin PBXContainerItemProxy section */
		0B2A6E4BE518D00C4B734C9C /* PBXContainerItemProxy */ = {
			isa = PBXContainerItemProxy;
			containerPortal = 772C3F865826218F94FA43B2 /* Project object */;
			proxyType = 1;
			remoteGlobalIDString = 7BA3EC0A140D78AF040085E5;
			remoteInfo = AIAppLiveActivity;
		};
		6A13A86266CDEDBD51412239 /* PBXContainerItemProxy */ = {
			isa = PBXContainerItemProxy;
			containerPortal = 772C3F865826218F94FA43B2 /* Project object */;
			proxyType = 1;
			remoteGlobalIDString = 2161A59F8D3596C65FB50F10;
			remoteInfo = AIApp;
		};
		9926363595C60FB3709F1908 /* PBXContainerItemProxy */ = {
			isa = PBXContainerItemProxy;
			containerPortal = 772C3F865826218F94FA43B2 /* Project object */;
			proxyType = 1;
			remoteGlobalIDString = 2161A59F8D3596C65FB50F10;
			remoteInfo = AIApp;
		};
/* End PBXContainerItemProxy section */

/* Begin PBXCopyFilesBuildPhase section */
		AA7D8D4F526CF86277C20EBF /* Embed Foundation Extensions */ = {
			isa = PBXCopyFilesBuildPhase;
			buildActionMask = 2147483647;
			dstPath = "";
			dstSubfolderSpec = 13;
			files = (
				9C879638BC75A3A26730DC29 /* AIAppLiveActivity.appex in Embed Foundation Extensions */,
			);
			name = "Embed Foundation Extensions";
			runOnlyForDeploymentPostprocessing = 0;
		};
/* End PBXCopyFilesBuildPhase section */

/* Begin PBXFileReference section */
		001ACFE23DC3902551F49327 /* SettingsStore.swift */ = {isa = PBXFileReference; lastKnownFileType = sourcecode.swift; path = SettingsStore.swift; sourceTree = "<group>"; };
		03CD3A873E43E090E151702D /* MiniAppConsent.swift */ = {isa = PBXFileReference; lastKnownFileType = sourcecode.swift; path = MiniAppConsent.swift; sourceTree = "<group>"; };
		05541A04F12A85851A1D5B9D /* PasteCodeSheet.swift */ = {isa = PBXFileReference; lastKnownFileType = sourcecode.swift; path = PasteCodeSheet.swift; sourceTree = "<group>"; };
		07F4919952C177D32E92BB59 /* ProviderProfiles.swift */ = {isa = PBXFileReference; lastKnownFileType = sourcecode.swift; path = ProviderProfiles.swift; sourceTree = "<group>"; };
		08C5F4775EA7255155F12151 /* SkillPackage.swift */ = {isa = PBXFileReference; lastKnownFileType = sourcecode.swift; path = SkillPackage.swift; sourceTree = "<group>"; };
		08F42566CC84DCCF803F8163 /* AgentTool.swift */ = {isa = PBXFileReference; lastKnownFileType = sourcecode.swift; path = AgentTool.swift; sourceTree = "<group>"; };
		0968349080466C8D0E568C49 /* ProviderHTTP.swift */ = {isa = PBXFileReference; lastKnownFileType = sourcecode.swift; path = ProviderHTTP.swift; sourceTree = "<group>"; };
		0AE7001C6015F3ED8028A812 /* MiniApp.swift */ = {isa = PBXFileReference; lastKnownFileType = sourcecode.swift; path = MiniApp.swift; sourceTree = "<group>"; };
		0C18F863EA219842EF0FDF8E /* MLXProvider.swift */ = {isa = PBXFileReference; lastKnownFileType = sourcecode.swift; path = MLXProvider.swift; sourceTree = "<group>"; };
		0C9A59361BEACB918BD5FC01 /* MiniAppEditContextTests.swift */ = {isa = PBXFileReference; lastKnownFileType = sourcecode.swift; path = MiniAppEditContextTests.swift; sourceTree = "<group>"; };
		0D6A69B321F0B9D850477143 /* MiniAppValidatorTests.swift */ = {isa = PBXFileReference; lastKnownFileType = sourcecode.swift; path = MiniAppValidatorTests.swift; sourceTree = "<group>"; };
		0E1D030F8EEC25B7DD8590D0 /* SubAgentRunner.swift */ = {isa = PBXFileReference; lastKnownFileType = sourcecode.swift; path = SubAgentRunner.swift; sourceTree = "<group>"; };
		0F3FDEE8823CCA1871942F2F /* Keychain.swift */ = {isa = PBXFileReference; lastKnownFileType = sourcecode.swift; path = Keychain.swift; sourceTree = "<group>"; };
		120505D3D47D96F5141DD1F2 /* HTTPPolicy.swift */ = {isa = PBXFileReference; lastKnownFileType = sourcecode.swift; path = HTTPPolicy.swift; sourceTree = "<group>"; };
		122F7974E96E74B9FF933BF7 /* MediaStore.swift */ = {isa = PBXFileReference; lastKnownFileType = sourcecode.swift; path = MediaStore.swift; sourceTree = "<group>"; };
		12758331C27403CB5D849CC4 /* AccountStore.swift */ = {isa = PBXFileReference; lastKnownFileType = sourcecode.swift; path = AccountStore.swift; sourceTree = "<group>"; };
		1392287F6C0E834FAA71B8B6 /* MiniAppBundle.swift */ = {isa = PBXFileReference; lastKnownFileType = sourcecode.swift; path = MiniAppBundle.swift; sourceTree = "<group>"; };
		17F951165BDDAA69ACF6561E /* ModelCatalogTests.swift */ = {isa = PBXFileReference; lastKnownFileType = sourcecode.swift; path = ModelCatalogTests.swift; sourceTree = "<group>"; };
		18BAB401436AAC0B0CA8FE9B /* ConnectionProbeTests.swift */ = {isa = PBXFileReference; lastKnownFileType = sourcecode.swift; path = ConnectionProbeTests.swift; sourceTree = "<group>"; };
		198ED6BA068D6907941C7C3B /* AppPreferences.swift */ = {isa = PBXFileReference; lastKnownFileType = sourcecode.swift; path = AppPreferences.swift; sourceTree = "<group>"; };
		1A10B5B3D37AD8FCF3B4DE0E /* ProviderConnectionModelTests.swift */ = {isa = PBXFileReference; lastKnownFileType = sourcecode.swift; path = ProviderConnectionModelTests.swift; sourceTree = "<group>"; };
		1BD5238145925FEF47D07BC0 /* OnboardingModal.swift */ = {isa = PBXFileReference; lastKnownFileType = sourcecode.swift; path = OnboardingModal.swift; sourceTree = "<group>"; };
		1D251FBE571B441140F3B945 /* NetworkErrorFriendly.swift */ = {isa = PBXFileReference; lastKnownFileType = sourcecode.swift; path = NetworkErrorFriendly.swift; sourceTree = "<group>"; };
		1ECF26AD24A8A3ED8DD9E6AA /* WebSearchTool.swift */ = {isa = PBXFileReference; lastKnownFileType = sourcecode.swift; path = WebSearchTool.swift; sourceTree = "<group>"; };
		1F1ABE9698E6EB896BFDD090 /* ContentReportTests.swift */ = {isa = PBXFileReference; lastKnownFileType = sourcecode.swift; path = ContentReportTests.swift; sourceTree = "<group>"; };
		20EFAF7053FFF7D489E383CB /* LocalMemoryTests.swift */ = {isa = PBXFileReference; lastKnownFileType = sourcecode.swift; path = LocalMemoryTests.swift; sourceTree = "<group>"; };
		22FCF2E8FDC1437D7606750E /* AddSkillSheet.swift */ = {isa = PBXFileReference; lastKnownFileType = sourcecode.swift; path = AddSkillSheet.swift; sourceTree = "<group>"; };
		235A2D84903E13A3D8E7A10F /* AgentsView.swift */ = {isa = PBXFileReference; lastKnownFileType = sourcecode.swift; path = AgentsView.swift; sourceTree = "<group>"; };
		266D94DDD73F14B006FB2D68 /* BrowserFetchTests.swift */ = {isa = PBXFileReference; lastKnownFileType = sourcecode.swift; path = BrowserFetchTests.swift; sourceTree = "<group>"; };
		2B5B359F8FEE6A340921B0B8 /* BackupRoundTripTests.swift */ = {isa = PBXFileReference; lastKnownFileType = sourcecode.swift; path = BackupRoundTripTests.swift; sourceTree = "<group>"; };
		2C3071FF7163FA0580F35F6E /* LocalModelLocationTests.swift */ = {isa = PBXFileReference; lastKnownFileType = sourcecode.swift; path = LocalModelLocationTests.swift; sourceTree = "<group>"; };
		2C86F83176F788DEC5D87646 /* ModelCatalogCache.swift */ = {isa = PBXFileReference; lastKnownFileType = sourcecode.swift; path = ModelCatalogCache.swift; sourceTree = "<group>"; };
		2DDE36E6528E669C90B4A5AE /* Theme.swift */ = {isa = PBXFileReference; lastKnownFileType = sourcecode.swift; path = Theme.swift; sourceTree = "<group>"; };
		2E8D34CD92895CEE357BD33B /* WebAppBuilder.swift */ = {isa = PBXFileReference; lastKnownFileType = sourcecode.swift; path = WebAppBuilder.swift; sourceTree = "<group>"; };
		30ED079172073256DDBC629B /* AIAppLiveActivity.appex */ = {isa = PBXFileReference; includeInIndex = 0; lastKnownFileType = "wrapper.app-extension"; path = AIAppLiveActivity.appex; sourceTree = BUILT_PRODUCTS_DIR; };
		315627FAE6EE6ABD11354958 /* MiniAppTile.swift */ = {isa = PBXFileReference; lastKnownFileType = sourcecode.swift; path = MiniAppTile.swift; sourceTree = "<group>"; };
		3483FC3CF2E1F3F8B1069CCE /* AIApp.app */ = {isa = PBXFileReference; includeInIndex = 0; lastKnownFileType = wrapper.application; path = AIApp.app; sourceTree = BUILT_PRODUCTS_DIR; };
		3C5FF94B44063B01088D5671 /* ProviderProfilesTests.swift */ = {isa = PBXFileReference; lastKnownFileType = sourcecode.swift; path = ProviderProfilesTests.swift; sourceTree = "<group>"; };
		3C65B0A742718901D6873603 /* ZipSkillExtractor.swift */ = {isa = PBXFileReference; lastKnownFileType = sourcecode.swift; path = ZipSkillExtractor.swift; sourceTree = "<group>"; };
		3D8C4C9C0DF446132CF6E371 /* AIAppApp.swift */ = {isa = PBXFileReference; lastKnownFileType = sourcecode.swift; path = AIAppApp.swift; sourceTree = "<group>"; };
		3F007D44D78D3E579B415CC0 /* AuthStore.swift */ = {isa = PBXFileReference; lastKnownFileType = sourcecode.swift; path = AuthStore.swift; sourceTree = "<group>"; };
		41FC1000764FE804EBCFC923 /* SettingsRow.swift */ = {isa = PBXFileReference; lastKnownFileType = sourcecode.swift; path = SettingsRow.swift; sourceTree = "<group>"; };
		433AC16A5452EB60B84792AF /* DiagnosticsTests.swift */ = {isa = PBXFileReference; lastKnownFileType = sourcecode.swift; path = DiagnosticsTests.swift; sourceTree = "<group>"; };
		43918F31F3CCEA61F225CBF9 /* MemoryPressure.swift */ = {isa = PBXFileReference; lastKnownFileType = sourcecode.swift; path = MemoryPressure.swift; sourceTree = "<group>"; };
		451FFE4A80BDAE6B1D2F0AD9 /* ProviderRequestSupport.swift */ = {isa = PBXFileReference; lastKnownFileType = sourcecode.swift; path = ProviderRequestSupport.swift; sourceTree = "<group>"; };
		456F1A9EC7D1CCDD45775BA5 /* AgentStore.swift */ = {isa = PBXFileReference; lastKnownFileType = sourcecode.swift; path = AgentStore.swift; sourceTree = "<group>"; };
		4831D1C0C33774F1B4FB92C5 /* ImageGenerationTool.swift */ = {isa = PBXFileReference; lastKnownFileType = sourcecode.swift; path = ImageGenerationTool.swift; sourceTree = "<group>"; };
		495B0ABB1A3B34D0175425E4 /* FullFlowUITests.swift */ = {isa = PBXFileReference; lastKnownFileType = sourcecode.swift; path = FullFlowUITests.swift; sourceTree = "<group>"; };
		4FF1BB0635E75BE008C90A71 /* ChatListView.swift */ = {isa = PBXFileReference; lastKnownFileType = sourcecode.swift; path = ChatListView.swift; sourceTree = "<group>"; };
		51C5F75BC4890C8C2B2AF59B /* LocalRuntimePolicy.swift */ = {isa = PBXFileReference; lastKnownFileType = sourcecode.swift; path = LocalRuntimePolicy.swift; sourceTree = "<group>"; };
		57538B3B72D740B8C83CD481 /* SkillStore.swift */ = {isa = PBXFileReference; lastKnownFileType = sourcecode.swift; path = SkillStore.swift; sourceTree = "<group>"; };
		592FAC2E2E94BA2A4E5FD5AF /* ToolCallParsingTests.swift */ = {isa = PBXFileReference; lastKnownFileType = sourcecode.swift; path = ToolCallParsingTests.swift; sourceTree = "<group>"; };
		5A1518D6D1989698FF92DF5D /* DiagnosticsRecorder.swift */ = {isa = PBXFileReference; lastKnownFileType = sourcecode.swift; path = DiagnosticsRecorder.swift; sourceTree = "<group>"; };
		5A9D5B16589E98A28D5A8625 /* AskAgentTool.swift */ = {isa = PBXFileReference; lastKnownFileType = sourcecode.swift; path = AskAgentTool.swift; sourceTree = "<group>"; };
		5CB909ED9CD414C11FD42797 /* MiniAppRunnerView.swift */ = {isa = PBXFileReference; lastKnownFileType = sourcecode.swift; path = MiniAppRunnerView.swift; sourceTree = "<group>"; };
		5E788FCA5BA9AE97A20E3AB3 /* Analytics.swift */ = {isa = PBXFileReference; lastKnownFileType = sourcecode.swift; path = Analytics.swift; sourceTree = "<group>"; };
		5E9D07F0FA14E5D801DDC06F /* AppScreen.swift */ = {isa = PBXFileReference; lastKnownFileType = sourcecode.swift; path = AppScreen.swift; sourceTree = "<group>"; };
		606201DE5D7BE5724535193B /* StableIdentifier.swift */ = {isa = PBXFileReference; lastKnownFileType = sourcecode.swift; path = StableIdentifier.swift; sourceTree = "<group>"; };
		625099991BC035FAF50720AE /* MiniAppSheet.swift */ = {isa = PBXFileReference; lastKnownFileType = sourcecode.swift; path = MiniAppSheet.swift; sourceTree = "<group>"; };
		63D2679C540EB651BD2325AF /* ModalChrome.swift */ = {isa = PBXFileReference; lastKnownFileType = sourcecode.swift; path = ModalChrome.swift; sourceTree = "<group>"; };
		663370337C8CA56C965C2B3D /* AgentModelPicker.swift */ = {isa = PBXFileReference; lastKnownFileType = sourcecode.swift; path = AgentModelPicker.swift; sourceTree = "<group>"; };
		69A13B6EF2EBD864ADF05F14 /* AgentLiveActivityController.swift */ = {isa = PBXFileReference; lastKnownFileType = sourcecode.swift; path = AgentLiveActivityController.swift; sourceTree = "<group>"; };
		6C6B1D27DAE42B985CF36BE1 /* ProviderCompatTests.swift */ = {isa = PBXFileReference; lastKnownFileType = sourcecode.swift; path = ProviderCompatTests.swift; sourceTree = "<group>"; };
		6CD59DF34EB2C44797D18EB6 /* MiniAppBundleTests.swift */ = {isa = PBXFileReference; lastKnownFileType = sourcecode.swift; path = MiniAppBundleTests.swift; sourceTree = "<group>"; };
		6CDEE0662D6422273000A263 /* ImportSkillModal.swift */ = {isa = PBXFileReference; lastKnownFileType = sourcecode.swift; path = ImportSkillModal.swift; sourceTree = "<group>"; };
		6E2F0648BFF26215581F3521 /* ProviderSettings.swift */ = {isa = PBXFileReference; lastKnownFileType = sourcecode.swift; path = ProviderSettings.swift; sourceTree = "<group>"; };
		72C211BC38C86A009122848F /* AuditRemainderTests.swift */ = {isa = PBXFileReference; lastKnownFileType = sourcecode.swift; path = AuditRemainderTests.swift; sourceTree = "<group>"; };
		749E2BA724F63F627337FF5E /* LibraryView.swift */ = {isa = PBXFileReference; lastKnownFileType = sourcecode.swift; path = LibraryView.swift; sourceTree = "<group>"; };
		76023C3267B21B84DBB5359F /* MLXSelfTest.swift */ = {isa = PBXFileReference; lastKnownFileType = sourcecode.swift; path = MLXSelfTest.swift; sourceTree = "<group>"; };
		76428C2E2A2205D360142202 /* ContentReport.swift */ = {isa = PBXFileReference; lastKnownFileType = sourcecode.swift; path = ContentReport.swift; sourceTree = "<group>"; };
		77FA12D4F5198A0234EC746A /* DiagnosticsUITests.swift */ = {isa = PBXFileReference; lastKnownFileType = sourcecode.swift; path = DiagnosticsUITests.swift; sourceTree = "<group>"; };
		7C0F84349D42610A96B83C8C /* ShipReadinessTests.swift */ = {isa = PBXFileReference; lastKnownFileType = sourcecode.swift; path = ShipReadinessTests.swift; sourceTree = "<group>"; };
		7FAABD9AFCC0E572641D5FE3 /* ReportContentSheet.swift */ = {isa = PBXFileReference; lastKnownFileType = sourcecode.swift; path = ReportContentSheet.swift; sourceTree = "<group>"; };
		8015895FBCB654D64B179212 /* OAuthServiceTests.swift */ = {isa = PBXFileReference; lastKnownFileType = sourcecode.swift; path = OAuthServiceTests.swift; sourceTree = "<group>"; };
		851324968383202E8E3BAF7B /* AnthropicProvider.swift */ = {isa = PBXFileReference; lastKnownFileType = sourcecode.swift; path = AnthropicProvider.swift; sourceTree = "<group>"; };
		868E8C9882FDA18A0B8629A9 /* AIAppTests.xctest */ = {isa = PBXFileReference; includeInIndex = 0; lastKnownFileType = wrapper.cfbundle; path = AIAppTests.xctest; sourceTree = BUILT_PRODUCTS_DIR; };
		88125783408036D8E995FCA5 /* FetchURLTool.swift */ = {isa = PBXFileReference; lastKnownFileType = sourcecode.swift; path = FetchURLTool.swift; sourceTree = "<group>"; };
		89C708D4BF2A41A45532FF21 /* AgentActivityAttributes.swift */ = {isa = PBXFileReference; lastKnownFileType = sourcecode.swift; path = AgentActivityAttributes.swift; sourceTree = "<group>"; };
		8ABB510FA42777974274E004 /* OAuthService.swift */ = {isa = PBXFileReference; lastKnownFileType = sourcecode.swift; path = OAuthService.swift; sourceTree = "<group>"; };
		8AC44973E1220CAA6251212E /* SkillRecommendations.swift */ = {isa = PBXFileReference; lastKnownFileType = sourcecode.swift; path = SkillRecommendations.swift; sourceTree = "<group>"; };
		8BA342ADD82161221241ACE1 /* AgentDelegationTests.swift */ = {isa = PBXFileReference; lastKnownFileType = sourcecode.swift; path = AgentDelegationTests.swift; sourceTree = "<group>"; };
		8CB3FC910F25904734DC9839 /* ConnectionsOverviewView.swift */ = {isa = PBXFileReference; lastKnownFileType = sourcecode.swift; path = ConnectionsOverviewView.swift; sourceTree = "<group>"; };
		8DD7D24371D8F94E84498FBA /* LocalModelStore.swift */ = {isa = PBXFileReference; lastKnownFileType = sourcecode.swift; path = LocalModelStore.swift; sourceTree = "<group>"; };
		9033CD749835B6C3285660AF /* DiagnosticsView.swift */ = {isa = PBXFileReference; lastKnownFileType = sourcecode.swift; path = DiagnosticsView.swift; sourceTree = "<group>"; };
		930330240594778A07B89596 /* Sandbox.swift */ = {isa = PBXFileReference; lastKnownFileType = sourcecode.swift; path = Sandbox.swift; sourceTree = "<group>"; };
		93F8325DAC9548FB101F120A /* SettingsTourUITests.swift */ = {isa = PBXFileReference; lastKnownFileType = sourcecode.swift; path = SettingsTourUITests.swift; sourceTree = "<group>"; };
		9486190D17B2CF20EE1A3A6B /* LaunchSplashView.swift */ = {isa = PBXFileReference; lastKnownFileType = sourcecode.swift; path = LaunchSplashView.swift; sourceTree = "<group>"; };
		98BC40E8C2E345AF205629CD /* GroupChatUITests.swift */ = {isa = PBXFileReference; lastKnownFileType = sourcecode.swift; path = GroupChatUITests.swift; sourceTree = "<group>"; };
		98F3CA6958A5096E90206B67 /* Info.plist */ = {isa = PBXFileReference; lastKnownFileType = text.plist; path = Info.plist; sourceTree = "<group>"; };
		9C9C8F38CD89DD16E7CB01A2 /* AgentLiveActivityWidget.swift */ = {isa = PBXFileReference; lastKnownFileType = sourcecode.swift; path = AgentLiveActivityWidget.swift; sourceTree = "<group>"; };
		A120211BC81051181BFFD2A9 /* ModelModality.swift */ = {isa = PBXFileReference; lastKnownFileType = sourcecode.swift; path = ModelModality.swift; sourceTree = "<group>"; };
		A1481E1633D1F06549CF4AFA /* Assets.xcassets */ = {isa = PBXFileReference; lastKnownFileType = folder.assetcatalog; path = Assets.xcassets; sourceTree = "<group>"; };
		A160BDDE100B930F17D58C54 /* MiniAppCapability.swift */ = {isa = PBXFileReference; lastKnownFileType = sourcecode.swift; path = MiniAppCapability.swift; sourceTree = "<group>"; };
		A45E2CD712FE5E52DC30F52F /* ProviderConnectionView.swift */ = {isa = PBXFileReference; lastKnownFileType = sourcecode.swift; path = ProviderConnectionView.swift; sourceTree = "<group>"; };
		A47B41787BB9423ACFDFFCFB /* NetworkTargetValidator.swift */ = {isa = PBXFileReference; lastKnownFileType = sourcecode.swift; path = NetworkTargetValidator.swift; sourceTree = "<group>"; };
		A5A7EBC99589ED208D3D8121 /* MiniAppServices.swift */ = {isa = PBXFileReference; lastKnownFileType = sourcecode.swift; path = MiniAppServices.swift; sourceTree = "<group>"; };
		A7C1FFA7A0EB23A72FF72EE4 /* Info.plist */ = {isa = PBXFileReference; lastKnownFileType = text.plist; path = Info.plist; sourceTree = "<group>"; };
		A882592F7EDEA35B2140BDDF /* AIAppUITests.xctest */ = {isa = PBXFileReference; includeInIndex = 0; lastKnownFileType = wrapper.cfbundle; path = AIAppUITests.xctest; sourceTree = BUILT_PRODUCTS_DIR; };
		A975EBF864E2BEE8E87024DB /* AIApp.entitlements */ = {isa = PBXFileReference; lastKnownFileType = text.plist.entitlements; path = AIApp.entitlements; sourceTree = "<group>"; };
		AB298954AA86AB20388D0735 /* AIAppLiveActivityBundle.swift */ = {isa = PBXFileReference; lastKnownFileType = sourcecode.swift; path = AIAppLiveActivityBundle.swift; sourceTree = "<group>"; };
		AB46AD8FB434B5CFCB76DD93 /* SkillsView.swift */ = {isa = PBXFileReference; lastKnownFileType = sourcecode.swift; path = SkillsView.swift; sourceTree = "<group>"; };
		B0406DECBE62CEB9AB0FE4A2 /* SyncStatus.swift */ = {isa = PBXFileReference; lastKnownFileType = sourcecode.swift; path = SyncStatus.swift; sourceTree = "<group>"; };
		B0BA5DB3624B77DD42F91DB5 /* ThreadDecodingTests.swift */ = {isa = PBXFileReference; lastKnownFileType = sourcecode.swift; path = ThreadDecodingTests.swift; sourceTree = "<group>"; };
		B0BFB77CB58BC89BDE708DA6 /* ChatMode.swift */ = {isa = PBXFileReference; lastKnownFileType = sourcecode.swift; path = ChatMode.swift; sourceTree = "<group>"; };
		B4B2EA74FF4BD1B12C3AA85D /* ChatView.swift */ = {isa = PBXFileReference; lastKnownFileType = sourcecode.swift; path = ChatView.swift; sourceTree = "<group>"; };
		B5FB0734FFDAB0AB40D69F53 /* BrowserFetch.swift */ = {isa = PBXFileReference; lastKnownFileType = sourcecode.swift; path = BrowserFetch.swift; sourceTree = "<group>"; };
		B64CD47856B221735B081C23 /* MiniAppValidator.swift */ = {isa = PBXFileReference; lastKnownFileType = sourcecode.swift; path = MiniAppValidator.swift; sourceTree = "<group>"; };
		BC5114A5AE539D250B891038 /* OpenAICompatibleProvider.swift */ = {isa = PBXFileReference; lastKnownFileType = sourcecode.swift; path = OpenAICompatibleProvider.swift; sourceTree = "<group>"; };
		C16E8E5E4E68B9F5FDCAEFBF /* PrivacyInfo.xcprivacy */ = {isa = PBXFileReference; path = PrivacyInfo.xcprivacy; sourceTree = "<group>"; };
		C1BE1D072ECC42831F6482CF /* LLMProvider.swift */ = {isa = PBXFileReference; lastKnownFileType = sourcecode.swift; path = LLMProvider.swift; sourceTree = "<group>"; };
		C5159AF124A9D16B5CA078C1 /* ThemeTests.swift */ = {isa = PBXFileReference; lastKnownFileType = sourcecode.swift; path = ThemeTests.swift; sourceTree = "<group>"; };
		C5F264418E48EC4A1A1AE64F /* EmptyStateView.swift */ = {isa = PBXFileReference; lastKnownFileType = sourcecode.swift; path = EmptyStateView.swift; sourceTree = "<group>"; };
		C60F49D56B0F41AE9A20553C /* ModelCatalogService.swift */ = {isa = PBXFileReference; lastKnownFileType = sourcecode.swift; path = ModelCatalogService.swift; sourceTree = "<group>"; };
		CC9C15C20ED918F43C8F8287 /* ProviderConnectionModel.swift */ = {isa = PBXFileReference; lastKnownFileType = sourcecode.swift; path = ProviderConnectionModel.swift; sourceTree = "<group>"; };
		CECAE9910918A953E594FB98 /* DiagnosticsReport.swift */ = {isa = PBXFileReference; lastKnownFileType = sourcecode.swift; path = DiagnosticsReport.swift; sourceTree = "<group>"; };
		D162B8EE335555B362AF1558 /* Assets.xcassets */ = {isa = PBXFileReference; lastKnownFileType = folder.assetcatalog; path = Assets.xcassets; sourceTree = "<group>"; };
		D329EB9FBDCA75844024D1D7 /* AtomicFileStore.swift */ = {isa = PBXFileReference; lastKnownFileType = sourcecode.swift; path = AtomicFileStore.swift; sourceTree = "<group>"; };
		D65132944EDD2E70CE9A4190 /* ChatComposer.swift */ = {isa = PBXFileReference; lastKnownFileType = sourcecode.swift; path = ChatComposer.swift; sourceTree = "<group>"; };
		D666B7BFBCD64AD9FAB95FB3 /* PlainPasteboard.swift */ = {isa = PBXFileReference; lastKnownFileType = sourcecode.swift; path = PlainPasteboard.swift; sourceTree = "<group>"; };
		D6D341DD6A5EC5D8D7359130 /* AgentRoleWriter.swift */ = {isa = PBXFileReference; lastKnownFileType = sourcecode.swift; path = AgentRoleWriter.swift; sourceTree = "<group>"; };
		DA8466963EF2CD19656D9FEB /* LocalRuntimePolicyTests.swift */ = {isa = PBXFileReference; lastKnownFileType = sourcecode.swift; path = LocalRuntimePolicyTests.swift; sourceTree = "<group>"; };
		DE1DB4A73CD1F26E08C12318 /* GroupSelfTest.swift */ = {isa = PBXFileReference; lastKnownFileType = sourcecode.swift; path = GroupSelfTest.swift; sourceTree = "<group>"; };
		DF3AC7A4A0BA71623D3D51B0 /* ProviderPreset.swift */ = {isa = PBXFileReference; lastKnownFileType = sourcecode.swift; path = ProviderPreset.swift; sourceTree = "<group>"; };
		E122081B01645D87980F6F32 /* GroupChatRunner.swift */ = {isa = PBXFileReference; lastKnownFileType = sourcecode.swift; path = GroupChatRunner.swift; sourceTree = "<group>"; };
		E3146C66FBE0536895AA0C01 /* RepositoryError.swift */ = {isa = PBXFileReference; lastKnownFileType = sourcecode.swift; path = RepositoryError.swift; sourceTree = "<group>"; };
		E9931F285A45AD02DD78F9BC /* CrashNoticeBanner.swift */ = {isa = PBXFileReference; lastKnownFileType = sourcecode.swift; path = CrashNoticeBanner.swift; sourceTree = "<group>"; };
		EF1FC1BCBCEFE7A60CF649E6 /* SettingsView.swift */ = {isa = PBXFileReference; lastKnownFileType = sourcecode.swift; path = SettingsView.swift; sourceTree = "<group>"; };
		EFB08135CC0ED3BF168B18F2 /* AtomicFileStoreTests.swift */ = {isa = PBXFileReference; lastKnownFileType = sourcecode.swift; path = AtomicFileStoreTests.swift; sourceTree = "<group>"; };
		F04C8896CDE2E3B7A606FC63 /* BackupService.swift */ = {isa = PBXFileReference; lastKnownFileType = sourcecode.swift; path = BackupService.swift; sourceTree = "<group>"; };
		F56CF7D28858015116950FB2 /* AgentLoop.swift */ = {isa = PBXFileReference; lastKnownFileType = sourcecode.swift; path = AgentLoop.swift; sourceTree = "<group>"; };
		F94421697B05F7E0BE1255D1 /* SkillPackageTests.swift */ = {isa = PBXFileReference; lastKnownFileType = sourcecode.swift; path = SkillPackageTests.swift; sourceTree = "<group>"; };
		F9FF8C6F144D582B46438129 /* ConnectionProbe.swift */ = {isa = PBXFileReference; lastKnownFileType = sourcecode.swift; path = ConnectionProbe.swift; sourceTree = "<group>"; };
/* End PBXFileReference section */

/* Begin PBXFrameworksBuildPhase section */
		9D0A978397160F8CE30DF3B1 /* Frameworks */ = {
			isa = PBXFrameworksBuildPhase;
			buildActionMask = 2147483647;
			files = (
				92A149CD928D78C1E4C35AC6 /* MLXLLM in Frameworks */,
				DEFB0E361D6D325BB82B0C31 /* MLXLMCommon in Frameworks */,
			);
			runOnlyForDeploymentPostprocessing = 0;
		};
/* End PBXFrameworksBuildPhase section */

/* Begin PBXGroup section */
		06B36FADCA380D0A6DCDEF87 /* Tools */ = {
			isa = PBXGroup;
			children = (
				08F42566CC84DCCF803F8163 /* AgentTool.swift */,
				5A9D5B16589E98A28D5A8625 /* AskAgentTool.swift */,
				B5FB0734FFDAB0AB40D69F53 /* BrowserFetch.swift */,
				88125783408036D8E995FCA5 /* FetchURLTool.swift */,
				4831D1C0C33774F1B4FB92C5 /* ImageGenerationTool.swift */,
				1ECF26AD24A8A3ED8DD9E6AA /* WebSearchTool.swift */,
			);
			path = Tools;
			sourceTree = "<group>";
		};
		2498C8ECE757D4229B2691AF /* Networking */ = {
			isa = PBXGroup;
			children = (
				120505D3D47D96F5141DD1F2 /* HTTPPolicy.swift */,
				A47B41787BB9423ACFDFFCFB /* NetworkTargetValidator.swift */,
			);
			path = Networking;
			sourceTree = "<group>";
		};
		372CB198551F27537A828C27 /* Services */ = {
			isa = PBXGroup;
			children = (
				89C708D4BF2A41A45532FF21 /* AgentActivityAttributes.swift */,
				69A13B6EF2EBD864ADF05F14 /* AgentLiveActivityController.swift */,
				D6D341DD6A5EC5D8D7359130 /* AgentRoleWriter.swift */,
				5E788FCA5BA9AE97A20E3AB3 /* Analytics.swift */,
				F04C8896CDE2E3B7A606FC63 /* BackupService.swift */,
				F9FF8C6F144D582B46438129 /* ConnectionProbe.swift */,
				76428C2E2A2205D360142202 /* ContentReport.swift */,
				5A1518D6D1989698FF92DF5D /* DiagnosticsRecorder.swift */,
				CECAE9910918A953E594FB98 /* DiagnosticsReport.swift */,
				51C5F75BC4890C8C2B2AF59B /* LocalRuntimePolicy.swift */,
				43918F31F3CCEA61F225CBF9 /* MemoryPressure.swift */,
				1392287F6C0E834FAA71B8B6 /* MiniAppBundle.swift */,
				B64CD47856B221735B081C23 /* MiniAppValidator.swift */,
				2C86F83176F788DEC5D87646 /* ModelCatalogCache.swift */,
				C60F49D56B0F41AE9A20553C /* ModelCatalogService.swift */,
				8ABB510FA42777974274E004 /* OAuthService.swift */,
				08C5F4775EA7255155F12151 /* SkillPackage.swift */,
				B0406DECBE62CEB9AB0FE4A2 /* SyncStatus.swift */,
				2E8D34CD92895CEE357BD33B /* WebAppBuilder.swift */,
				3C65B0A742718901D6873603 /* ZipSkillExtractor.swift */,
			);
			path = Services;
			sourceTree = "<group>";
		};
		373C355511B00B4BBB9D084E /* AIAppUITests */ = {
			isa = PBXGroup;
			children = (
				77FA12D4F5198A0234EC746A /* DiagnosticsUITests.swift */,
				495B0ABB1A3B34D0175425E4 /* FullFlowUITests.swift */,
				98BC40E8C2E345AF205629CD /* GroupChatUITests.swift */,
				93F8325DAC9548FB101F120A /* SettingsTourUITests.swift */,
			);
			path = AIAppUITests;
			sourceTree = "<group>";
		};
		4B05B293EBCB4DE45E90A1E1 /* Agent */ = {
			isa = PBXGroup;
			children = (
				F56CF7D28858015116950FB2 /* AgentLoop.swift */,
				E122081B01645D87980F6F32 /* GroupChatRunner.swift */,
				0E1D030F8EEC25B7DD8590D0 /* SubAgentRunner.swift */,
			);
			path = Agent;
			sourceTree = "<group>";
		};
		4C621E65A5832BC98F4EC631 /* Components */ = {
			isa = PBXGroup;
			children = (
				22FCF2E8FDC1437D7606750E /* AddSkillSheet.swift */,
				5E9D07F0FA14E5D801DDC06F /* AppScreen.swift */,
				D65132944EDD2E70CE9A4190 /* ChatComposer.swift */,
				E9931F285A45AD02DD78F9BC /* CrashNoticeBanner.swift */,
				C5F264418E48EC4A1A1AE64F /* EmptyStateView.swift */,
				6CDEE0662D6422273000A263 /* ImportSkillModal.swift */,
				625099991BC035FAF50720AE /* MiniAppSheet.swift */,
				315627FAE6EE6ABD11354958 /* MiniAppTile.swift */,
				63D2679C540EB651BD2325AF /* ModalChrome.swift */,
				1BD5238145925FEF47D07BC0 /* OnboardingModal.swift */,
				05541A04F12A85851A1D5B9D /* PasteCodeSheet.swift */,
				41FC1000764FE804EBCFC923 /* SettingsRow.swift */,
			);
			path = Components;
			sourceTree = "<group>";
		};
		4F16CF8409F8E11079E233C9 /* Models */ = {
			isa = PBXGroup;
			children = (
				12758331C27403CB5D849CC4 /* AccountStore.swift */,
				456F1A9EC7D1CCDD45775BA5 /* AgentStore.swift */,
				198ED6BA068D6907941C7C3B /* AppPreferences.swift */,
				B0BFB77CB58BC89BDE708DA6 /* ChatMode.swift */,
				8DD7D24371D8F94E84498FBA /* LocalModelStore.swift */,
				0AE7001C6015F3ED8028A812 /* MiniApp.swift */,
				A160BDDE100B930F17D58C54 /* MiniAppCapability.swift */,
				03CD3A873E43E090E151702D /* MiniAppConsent.swift */,
				A120211BC81051181BFFD2A9 /* ModelModality.swift */,
				07F4919952C177D32E92BB59 /* ProviderProfiles.swift */,
				6E2F0648BFF26215581F3521 /* ProviderSettings.swift */,
				001ACFE23DC3902551F49327 /* SettingsStore.swift */,
				8AC44973E1220CAA6251212E /* SkillRecommendations.swift */,
				57538B3B72D740B8C83CD481 /* SkillStore.swift */,
			);
			path = Models;
			sourceTree = "<group>";
		};
		5366DBB853B860AE0FEE8F0C /* Connections */ = {
			isa = PBXGroup;
			children = (
				8CB3FC910F25904734DC9839 /* ConnectionsOverviewView.swift */,
				A45E2CD712FE5E52DC30F52F /* ProviderConnectionView.swift */,
			);
			path = Connections;
			sourceTree = "<group>";
		};
		66ACF4B074C3781EC371AD7A /* AIAppTests */ = {
			isa = PBXGroup;
			children = (
				8BA342ADD82161221241ACE1 /* AgentDelegationTests.swift */,
				EFB08135CC0ED3BF168B18F2 /* AtomicFileStoreTests.swift */,
				72C211BC38C86A009122848F /* AuditRemainderTests.swift */,
				2B5B359F8FEE6A340921B0B8 /* BackupRoundTripTests.swift */,
				266D94DDD73F14B006FB2D68 /* BrowserFetchTests.swift */,
				18BAB401436AAC0B0CA8FE9B /* ConnectionProbeTests.swift */,
				1F1ABE9698E6EB896BFDD090 /* ContentReportTests.swift */,
				433AC16A5452EB60B84792AF /* DiagnosticsTests.swift */,
				20EFAF7053FFF7D489E383CB /* LocalMemoryTests.swift */,
				2C3071FF7163FA0580F35F6E /* LocalModelLocationTests.swift */,
				DA8466963EF2CD19656D9FEB /* LocalRuntimePolicyTests.swift */,
				6CD59DF34EB2C44797D18EB6 /* MiniAppBundleTests.swift */,
				0C9A59361BEACB918BD5FC01 /* MiniAppEditContextTests.swift */,
				0D6A69B321F0B9D850477143 /* MiniAppValidatorTests.swift */,
				17F951165BDDAA69ACF6561E /* ModelCatalogTests.swift */,
				8015895FBCB654D64B179212 /* OAuthServiceTests.swift */,
				6C6B1D27DAE42B985CF36BE1 /* ProviderCompatTests.swift */,
				1A10B5B3D37AD8FCF3B4DE0E /* ProviderConnectionModelTests.swift */,
				3C5FF94B44063B01088D5671 /* ProviderProfilesTests.swift */,
				7C0F84349D42610A96B83C8C /* ShipReadinessTests.swift */,
				F94421697B05F7E0BE1255D1 /* SkillPackageTests.swift */,
				C5159AF124A9D16B5CA078C1 /* ThemeTests.swift */,
				B0BA5DB3624B77DD42F91DB5 /* ThreadDecodingTests.swift */,
				592FAC2E2E94BA2A4E5FD5AF /* ToolCallParsingTests.swift */,
			);
			path = AIAppTests;
			sourceTree = "<group>";
		};
		7907F97423DA594F471039F7 = {
			isa = PBXGroup;
			children = (
				89CBEBF3992A51E86EF865EB /* AIApp */,
				F8E62643036ADABC53BBBC40 /* AIAppLiveActivity */,
				66ACF4B074C3781EC371AD7A /* AIAppTests */,
				373C355511B00B4BBB9D084E /* AIAppUITests */,
				CF3F5DB5441BE6F6282CF54B /* Products */,
			);
			sourceTree = "<group>";
		};
		80DA7DE60F8CDC156090CA70 /* ViewModels */ = {
			isa = PBXGroup;
			children = (
				CC9C15C20ED918F43C8F8287 /* ProviderConnectionModel.swift */,
			);
			path = ViewModels;
			sourceTree = "<group>";
		};
		89CBEBF3992A51E86EF865EB /* AIApp */ = {
			isa = PBXGroup;
			children = (
				A975EBF864E2BEE8E87024DB /* AIApp.entitlements */,
				3D8C4C9C0DF446132CF6E371 /* AIAppApp.swift */,
				D162B8EE335555B362AF1558 /* Assets.xcassets */,
				A7C1FFA7A0EB23A72FF72EE4 /* Info.plist */,
				C16E8E5E4E68B9F5FDCAEFBF /* PrivacyInfo.xcprivacy */,
				4B05B293EBCB4DE45E90A1E1 /* Agent */,
				4C621E65A5832BC98F4EC631 /* Components */,
				4F16CF8409F8E11079E233C9 /* Models */,
				2498C8ECE757D4229B2691AF /* Networking */,
				BAB2DFEB9B0434658223D6CF /* Persistence */,
				FD700AC8B3F2BB035C636FAF /* Providers */,
				372CB198551F27537A828C27 /* Services */,
				E8519987A8DC4AAFBE4FFA66 /* Support */,
				06B36FADCA380D0A6DCDEF87 /* Tools */,
				80DA7DE60F8CDC156090CA70 /* ViewModels */,
				B51A0AD3B7F9199939A96116 /* Views */,
			);
			path = AIApp;
			sourceTree = "<group>";
		};
		B51A0AD3B7F9199939A96116 /* Views */ = {
			isa = PBXGroup;
			children = (
				663370337C8CA56C965C2B3D /* AgentModelPicker.swift */,
				235A2D84903E13A3D8E7A10F /* AgentsView.swift */,
				4FF1BB0635E75BE008C90A71 /* ChatListView.swift */,
				B4B2EA74FF4BD1B12C3AA85D /* ChatView.swift */,
				9033CD749835B6C3285660AF /* DiagnosticsView.swift */,
				9486190D17B2CF20EE1A3A6B /* LaunchSplashView.swift */,
				749E2BA724F63F627337FF5E /* LibraryView.swift */,
				5CB909ED9CD414C11FD42797 /* MiniAppRunnerView.swift */,
				7FAABD9AFCC0E572641D5FE3 /* ReportContentSheet.swift */,
				EF1FC1BCBCEFE7A60CF649E6 /* SettingsView.swift */,
				AB46AD8FB434B5CFCB76DD93 /* SkillsView.swift */,
				5366DBB853B860AE0FEE8F0C /* Connections */,
			);
			path = Views;
			sourceTree = "<group>";
		};
		BAB2DFEB9B0434658223D6CF /* Persistence */ = {
			isa = PBXGroup;
			children = (
				D329EB9FBDCA75844024D1D7 /* AtomicFileStore.swift */,
				E3146C66FBE0536895AA0C01 /* RepositoryError.swift */,
			);
			path = Persistence;
			sourceTree = "<group>";
		};
		CF3F5DB5441BE6F6282CF54B /* Products */ = {
			isa = PBXGroup;
			children = (
				3483FC3CF2E1F3F8B1069CCE /* AIApp.app */,
				30ED079172073256DDBC629B /* AIAppLiveActivity.appex */,
				868E8C9882FDA18A0B8629A9 /* AIAppTests.xctest */,
				A882592F7EDEA35B2140BDDF /* AIAppUITests.xctest */,
			);
			name = Products;
			sourceTree = "<group>";
		};
		E8519987A8DC4AAFBE4FFA66 /* Support */ = {
			isa = PBXGroup;
			children = (
				3F007D44D78D3E579B415CC0 /* AuthStore.swift */,
				DE1DB4A73CD1F26E08C12318 /* GroupSelfTest.swift */,
				0F3FDEE8823CCA1871942F2F /* Keychain.swift */,
				122F7974E96E74B9FF933BF7 /* MediaStore.swift */,
				A5A7EBC99589ED208D3D8121 /* MiniAppServices.swift */,
				76023C3267B21B84DBB5359F /* MLXSelfTest.swift */,
				1D251FBE571B441140F3B945 /* NetworkErrorFriendly.swift */,
				D666B7BFBCD64AD9FAB95FB3 /* PlainPasteboard.swift */,
				930330240594778A07B89596 /* Sandbox.swift */,
				606201DE5D7BE5724535193B /* StableIdentifier.swift */,
				2DDE36E6528E669C90B4A5AE /* Theme.swift */,
			);
			path = Support;
			sourceTree = "<group>";
		};
		F8E62643036ADABC53BBBC40 /* AIAppLiveActivity */ = {
			isa = PBXGroup;
			children = (
				9C9C8F38CD89DD16E7CB01A2 /* AgentLiveActivityWidget.swift */,
				AB298954AA86AB20388D0735 /* AIAppLiveActivityBundle.swift */,
				A1481E1633D1F06549CF4AFA /* Assets.xcassets */,
				98F3CA6958A5096E90206B67 /* Info.plist */,
			);
			path = AIAppLiveActivity;
			sourceTree = "<group>";
		};
		FD700AC8B3F2BB035C636FAF /* Providers */ = {
			isa = PBXGroup;
			children = (
				851324968383202E8E3BAF7B /* AnthropicProvider.swift */,
				C1BE1D072ECC42831F6482CF /* LLMProvider.swift */,
				0C18F863EA219842EF0FDF8E /* MLXProvider.swift */,
				BC5114A5AE539D250B891038 /* OpenAICompatibleProvider.swift */,
				0968349080466C8D0E568C49 /* ProviderHTTP.swift */,
				DF3AC7A4A0BA71623D3D51B0 /* ProviderPreset.swift */,
				451FFE4A80BDAE6B1D2F0AD9 /* ProviderRequestSupport.swift */,
			);
			path = Providers;
			sourceTree = "<group>";
		};
/* End PBXGroup section */

/* Begin PBXNativeTarget section */
		2161A59F8D3596C65FB50F10 /* AIApp */ = {
			isa = PBXNativeTarget;
			buildConfigurationList = 5EED15877995CC56D05B213C /* Build configuration list for PBXNativeTarget "AIApp" */;
			buildPhases = (
				D43532FF9A2A36DEF5E593B2 /* Sources */,
				2DF6FB619D3E39D448059645 /* Resources */,
				9D0A978397160F8CE30DF3B1 /* Frameworks */,
				AA7D8D4F526CF86277C20EBF /* Embed Foundation Extensions */,
			);
			buildRules = (
			);
			dependencies = (
				D467B78577055113D89C1B52 /* PBXTargetDependency */,
			);
			name = AIApp;
			packageProductDependencies = (
				68E7117D7176BD2E5BDF2039 /* MLXLLM */,
				B87EE1D71C2386865E3FE7A7 /* MLXLMCommon */,
			);
			productName = AIApp;
			productReference = 3483FC3CF2E1F3F8B1069CCE /* AIApp.app */;
			productType = "com.apple.product-type.application";
		};
		7BA3EC0A140D78AF040085E5 /* AIAppLiveActivity */ = {
			isa = PBXNativeTarget;
			buildConfigurationList = 151198FD579D763425CECD03 /* Build configuration list for PBXNativeTarget "AIAppLiveActivity" */;
			buildPhases = (
				42C445CD46F41357E60691F9 /* Sources */,
				1D8D3979D437926D3C8186B1 /* Resources */,
			);
			buildRules = (
			);
			dependencies = (
			);
			name = AIAppLiveActivity;
			packageProductDependencies = (
			);
			productName = AIAppLiveActivity;
			productReference = 30ED079172073256DDBC629B /* AIAppLiveActivity.appex */;
			productType = "com.apple.product-type.app-extension";
		};
		C810CCA688BB8E6D86460DA0 /* AIAppUITests */ = {
			isa = PBXNativeTarget;
			buildConfigurationList = 0DD17D56B4AA085A1E8FB8DA /* Build configuration list for PBXNativeTarget "AIAppUITests" */;
			buildPhases = (
				30E4A13E9D0A3F3AF184AC74 /* Sources */,
			);
			buildRules = (
			);
			dependencies = (
				B7AD6B0B4DC33DE0A0C8B83E /* PBXTargetDependency */,
			);
			name = AIAppUITests;
			packageProductDependencies = (
			);
			productName = AIAppUITests;
			productReference = A882592F7EDEA35B2140BDDF /* AIAppUITests.xctest */;
			productType = "com.apple.product-type.bundle.ui-testing";
		};
		E9B596F272ED0D7AA191D480 /* AIAppTests */ = {
			isa = PBXNativeTarget;
			buildConfigurationList = DD4AE4673BBE50F42E7E32ED /* Build configuration list for PBXNativeTarget "AIAppTests" */;
			buildPhases = (
				F2378D9E802D9FA93D99CCEF /* Sources */,
			);
			buildRules = (
			);
			dependencies = (
				8B48C49B01807FD8698DC625 /* PBXTargetDependency */,
			);
			name = AIAppTests;
			packageProductDependencies = (
			);
			productName = AIAppTests;
			productReference = 868E8C9882FDA18A0B8629A9 /* AIAppTests.xctest */;
			productType = "com.apple.product-type.bundle.unit-test";
		};
/* End PBXNativeTarget section */

/* Begin PBXProject section */
		772C3F865826218F94FA43B2 /* Project object */ = {
			isa = PBXProject;
			attributes = {
				BuildIndependentTargetsInParallel = YES;
				LastUpgradeCheck = 1430;
				TargetAttributes = {
					2161A59F8D3596C65FB50F10 = {
						DevelopmentTeam = H8FW6W6K2D;
						ProvisioningStyle = Automatic;
					};
					7BA3EC0A140D78AF040085E5 = {
						DevelopmentTeam = H8FW6W6K2D;
						ProvisioningStyle = Automatic;
					};
					C810CCA688BB8E6D86460DA0 = {
						TestTargetID = 2161A59F8D3596C65FB50F10;
					};
				};
			};
			buildConfigurationList = 017811DB2EE9CDCBD426DCF5 /* Build configuration list for PBXProject "AIApp" */;
			developmentRegion = en;
			hasScannedForEncodings = 0;
			knownRegions = (
				Base,
				en,
			);
			mainGroup = 7907F97423DA594F471039F7;
			minimizedProjectReferenceProxies = 1;
			packageReferences = (
				A0D277EDD4331CF344D728EA /* XCRemoteSwiftPackageReference "mlx-swift-lm" */,
			);
			preferredProjectObjectVersion = 77;
			productRefGroup = CF3F5DB5441BE6F6282CF54B /* Products */;
			projectDirPath = "";
			projectRoot = "";
			targets = (
				2161A59F8D3596C65FB50F10 /* AIApp */,
				7BA3EC0A140D78AF040085E5 /* AIAppLiveActivity */,
				E9B596F272ED0D7AA191D480 /* AIAppTests */,
				C810CCA688BB8E6D86460DA0 /* AIAppUITests */,
			);
		};
/* End PBXProject section */

/* Begin PBXResourcesBuildPhase section */
		1D8D3979D437926D3C8186B1 /* Resources */ = {
			isa = PBXResourcesBuildPhase;
			buildActionMask = 2147483647;
			files = (
				D8141D64A7E03DE615778D07 /* Assets.xcassets in Resources */,
			);
			runOnlyForDeploymentPostprocessing = 0;
		};
		2DF6FB619D3E39D448059645 /* Resources */ = {
			isa = PBXResourcesBuildPhase;
			buildActionMask = 2147483647;
			files = (
				112C36316BB40B56BD4B71DE /* Assets.xcassets in Resources */,
				AE469D82EC595E85864FCF6E /* PrivacyInfo.xcprivacy in Resources */,
			);
			runOnlyForDeploymentPostprocessing = 0;
		};
/* End PBXResourcesBuildPhase section */

/* Begin PBXSourcesBuildPhase section */
		30E4A13E9D0A3F3AF184AC74 /* Sources */ = {
			isa = PBXSourcesBuildPhase;
			buildActionMask = 2147483647;
			files = (
				83326E929AE4F22D82E7BE1E /* DiagnosticsUITests.swift in Sources */,
				4106AB5865694E8A510FC65E /* FullFlowUITests.swift in Sources */,
				4550F790431214563EBD56C2 /* GroupChatUITests.swift in Sources */,
				B175AA788AB0C9E894F020E1 /* SettingsTourUITests.swift in Sources */,
			);
			runOnlyForDeploymentPostprocessing = 0;
		};
		42C445CD46F41357E60691F9 /* Sources */ = {
			isa = PBXSourcesBuildPhase;
			buildActionMask = 2147483647;
			files = (
				7DED930B741A78AC67DAF426 /* AIAppLiveActivityBundle.swift in Sources */,
				941E1FE9F4AD0B1ABF347849 /* AgentActivityAttributes.swift in Sources */,
				A981FE87D71FCDA002C7362F /* AgentLiveActivityWidget.swift in Sources */,
			);
			runOnlyForDeploymentPostprocessing = 0;
		};
		D43532FF9A2A36DEF5E593B2 /* Sources */ = {
			isa = PBXSourcesBuildPhase;
			buildActionMask = 2147483647;
			files = (
				D31DECDB34565EF98BA3E315 /* AIAppApp.swift in Sources */,
				AB2EF52A42CC179EDC3F051D /* AccountStore.swift in Sources */,
				7331F42B60918A54B3B3A5A2 /* AddSkillSheet.swift in Sources */,
				C4A9C03D26778668314D4496 /* AgentActivityAttributes.swift in Sources */,
				F96609EAC33C26D544150C05 /* AgentLiveActivityController.swift in Sources */,
				4F0C46055999E167345D1444 /* AgentLoop.swift in Sources */,
				1727FB2E5293C87E82385CC9 /* AgentModelPicker.swift in Sources */,
				9ABF6C3D00F6390AC402A8CB /* AgentRoleWriter.swift in Sources */,
				113BB5E66114F5F8205438E5 /* AgentStore.swift in Sources */,
				8F97A78FFB5E6BD58A4ED24C /* AgentTool.swift in Sources */,
				8B4A39C25D38429571EA3572 /* AgentsView.swift in Sources */,
				0644A61CAA43A24596FEB946 /* Analytics.swift in Sources */,
				6F6EA0AD89FC132B8077CA87 /* AnthropicProvider.swift in Sources */,
				A50C01B73E50281E069B3219 /* AppPreferences.swift in Sources */,
				6500833666CD60BB1AA5EC82 /* AppScreen.swift in Sources */,
				529E1729C206B4CC2905B75C /* AskAgentTool.swift in Sources */,
				A3CE77CCBF0C64C1F98818B6 /* AtomicFileStore.swift in Sources */,
				D8E24D6523B25B4C6DB156AB /* AuthStore.swift in Sources */,
				8AEC23EB8B0C5535154E25F0 /* BackupService.swift in Sources */,
				96C25F2C93B560D1D74690C6 /* BrowserFetch.swift in Sources */,
				515516005B0987CDA84B8011 /* ChatComposer.swift in Sources */,
				FCE07FF0DC972BAFCD86A126 /* ChatListView.swift in Sources */,
				FCA89ADDA177C6FE08E60D6D /* ChatMode.swift in Sources */,
				97B77AE2989796A7A348153B /* ChatView.swift in Sources */,
				80862C128CB62D9B0BA431B6 /* ConnectionProbe.swift in Sources */,
				59F430BC43E2753F665F45D6 /* ConnectionsOverviewView.swift in Sources */,
				066E77B13FA75C16FF1C2CD5 /* ContentReport.swift in Sources */,
				9C9897140DB06751A001AE3C /* CrashNoticeBanner.swift in Sources */,
				DC148E7BE9604F3F8FB0172B /* DiagnosticsRecorder.swift in Sources */,
				524B5A502C8321CFC9F8BB4A /* DiagnosticsReport.swift in Sources */,
				03DE67E1320646E1BAB7EF65 /* DiagnosticsView.swift in Sources */,
				B9F5D3A9F8438BCD8D21FD36 /* EmptyStateView.swift in Sources */,
				A7030245B606406BD37BCF11 /* FetchURLTool.swift in Sources */,
				544FBA93BAB7AE6A62F00B33 /* GroupChatRunner.swift in Sources */,
				130394E1C126FFCCE6DC49AF /* GroupSelfTest.swift in Sources */,
				0507A6B7D7F51C36D2B2A319 /* HTTPPolicy.swift in Sources */,
				F206DAD2CFE1E06CECA4FC55 /* ImageGenerationTool.swift in Sources */,
				D701D54437E614671F4B8352 /* ImportSkillModal.swift in Sources */,
				73D7A6B9747AF7E9E8F416E2 /* Keychain.swift in Sources */,
				29754FE8303B56FDFE9BD7FF /* LLMProvider.swift in Sources */,
				BB91BE78C0DBEFDBB5004DD0 /* LaunchSplashView.swift in Sources */,
				B9AFB0660B84D6C0476A7E04 /* LibraryView.swift in Sources */,
				64CE1BDF8ABE33571E7C932B /* LocalModelStore.swift in Sources */,
				CA64486EB3C158501F9D82B1 /* LocalRuntimePolicy.swift in Sources */,
				38434083D764126E44AD8061 /* MLXProvider.swift in Sources */,
				D712915053F2856706C1CE28 /* MLXSelfTest.swift in Sources */,
				8AD221FEF1B8C8AD26B41507 /* MediaStore.swift in Sources */,
				8323849F89A438D8D5A0D3D0 /* MemoryPressure.swift in Sources */,
				3FD8544EC1E625846282E75D /* MiniApp.swift in Sources */,
				2D1330A2FD233A7800198AE2 /* MiniAppBundle.swift in Sources */,
				04C2620AD2CD89F256CB508D /* MiniAppCapability.swift in Sources */,
				F8B17C15C9DDEA1736CB0232 /* MiniAppConsent.swift in Sources */,
				C3D0A39A19C380D5BE46DF50 /* MiniAppRunnerView.swift in Sources */,
				D817671B08A9EFCFAA46BF12 /* MiniAppServices.swift in Sources */,
				789237983030FA01832A6906 /* MiniAppSheet.swift in Sources */,
				0EDB9E10A7D741108C97D3D9 /* MiniAppTile.swift in Sources */,
				971CD1E01BCDF6DFA3A9BEF7 /* MiniAppValidator.swift in Sources */,
				2313637FF6ED7049FDBC8801 /* ModalChrome.swift in Sources */,
				41138385167F680BA6D9C63E /* ModelCatalogCache.swift in Sources */,
				EE87BB72426368F4AD0BA5DB /* ModelCatalogService.swift in Sources */,
				041108F0C7528C8C362E0851 /* ModelModality.swift in Sources */,
				2A1AB1ABBBB454CDD76C7CFE /* NetworkErrorFriendly.swift in Sources */,
				D24150977C8342B8713F34B4 /* NetworkTargetValidator.swift in Sources */,
				7638D9B8308E1A606793ADA7 /* OAuthService.swift in Sources */,
				9BDEEE9562D1AD6824CBF328 /* OnboardingModal.swift in Sources */,
				8D23EA1119A363739C148D1A /* OpenAICompatibleProvider.swift in Sources */,
				41000EB2B74D3D3B7E664F72 /* PasteCodeSheet.swift in Sources */,
				99CA6AEF475BC15536DC76EF /* PlainPasteboard.swift in Sources */,
				99A018DB0E2B336557D6C086 /* ProviderConnectionModel.swift in Sources */,
				60BCE1C6D129BC8EAB5A2D03 /* ProviderConnectionView.swift in Sources */,
				55C44BEB12DF7B79C059A5A3 /* ProviderHTTP.swift in Sources */,
				AB12EC5F23FCA39C5F9E4F35 /* ProviderPreset.swift in Sources */,
				6876F6FB1F4B6F3C6C18B869 /* ProviderProfiles.swift in Sources */,
				FE9F93850B5BECE1E3BC729E /* ProviderRequestSupport.swift in Sources */,
				00FC5E8D5594554A2BC6DED8 /* ProviderSettings.swift in Sources */,
				E6D527A59BB3712771A26E75 /* ReportContentSheet.swift in Sources */,
				D40F1A002B6985FCBF8E06BB /* RepositoryError.swift in Sources */,
				43DF99B9A97D9A21B686C9C3 /* Sandbox.swift in Sources */,
				28AADA661062BD46DB0A0EDC /* SettingsRow.swift in Sources */,
				11B0F73A9C0A1B025CCECF8B /* SettingsStore.swift in Sources */,
				BF1A4BB9E5CF4FAAE089061B /* SettingsView.swift in Sources */,
				317D20B68CE0C932E1B35F66 /* SkillPackage.swift in Sources */,
				D1648B3A22D7A36F129DEC96 /* SkillRecommendations.swift in Sources */,
				C87AB0E41867A2E3C24F981B /* SkillStore.swift in Sources */,
				7DBB3207B4E8ACA327538280 /* SkillsView.swift in Sources */,
				D3ADCA306B892B0C7BC75965 /* StableIdentifier.swift in Sources */,
				0C0552BB218774258410AB62 /* SubAgentRunner.swift in Sources */,
				E0CE34C7AD86D9B4F85A3A54 /* SyncStatus.swift in Sources */,
				4A479301F6198310DA7077A7 /* Theme.swift in Sources */,
				560B55C92EC8FF19C9327D76 /* WebAppBuilder.swift in Sources */,
				4B72B8AB5D07ACF3ACA0F465 /* WebSearchTool.swift in Sources */,
				60B3574A25D62B373DF1164C /* ZipSkillExtractor.swift in Sources */,
			);
			runOnlyForDeploymentPostprocessing = 0;
		};
		F2378D9E802D9FA93D99CCEF /* Sources */ = {
			isa = PBXSourcesBuildPhase;
			buildActionMask = 2147483647;
			files = (
				75EBC17C6657C39B67F5B9A5 /* AgentDelegationTests.swift in Sources */,
				05C67F5BC53BDA986CBCCC95 /* AtomicFileStoreTests.swift in Sources */,
				21A06D89166AEB7E11D5799B /* AuditRemainderTests.swift in Sources */,
				84373B534DBE51066F0488EF /* BackupRoundTripTests.swift in Sources */,
				B868E23E754B579DDDA34019 /* BrowserFetchTests.swift in Sources */,
				CD53EF76E6E3BECAE16D7AA3 /* ConnectionProbeTests.swift in Sources */,
				19E0A1AA8F85273072F4DEAE /* ContentReportTests.swift in Sources */,
				85090C5EE061CEDD48A761B2 /* DiagnosticsTests.swift in Sources */,
				CF2438697DF00094192B111B /* LocalMemoryTests.swift in Sources */,
				A2CDEE0A43C9ECB7CE541427 /* LocalModelLocationTests.swift in Sources */,
				6AB254B91A2E253599524DD2 /* LocalRuntimePolicyTests.swift in Sources */,
				5195B6E0E2F504654EFF8AB0 /* MiniAppBundleTests.swift in Sources */,
				40747E4CD7BA22059AE5B22D /* MiniAppEditContextTests.swift in Sources */,
				1C99875F3564B076392F5868 /* MiniAppValidatorTests.swift in Sources */,
				ACC26DC315DAF4BAFD2C574A /* ModelCatalogTests.swift in Sources */,
				30845FF5876ED109329F0CD9 /* OAuthServiceTests.swift in Sources */,
				050EB5C5467F332850E67A3A /* ProviderCompatTests.swift in Sources */,
				D49A77918D8926AE6BBF05AE /* ProviderConnectionModelTests.swift in Sources */,
				3114C004A552375EF3D8F08E /* ProviderProfilesTests.swift in Sources */,
				6A1ACE1EB789CD6F31256F66 /* ShipReadinessTests.swift in Sources */,
				04C099ACB532769F8003BEE9 /* SkillPackageTests.swift in Sources */,
				A2B771F655C9BE333B01191F /* ThemeTests.swift in Sources */,
				BBCC18A2849DD39B8334C3CC /* ThreadDecodingTests.swift in Sources */,
				B3E712C8951A91F7642ED2DC /* ToolCallParsingTests.swift in Sources */,
			);
			runOnlyForDeploymentPostprocessing = 0;
		};
/* End PBXSourcesBuildPhase section */

/* Begin PBXTargetDependency section */
		8B48C49B01807FD8698DC625 /* PBXTargetDependency */ = {
			isa = PBXTargetDependency;
			target = 2161A59F8D3596C65FB50F10 /* AIApp */;
			targetProxy = 9926363595C60FB3709F1908 /* PBXContainerItemProxy */;
		};
		B7AD6B0B4DC33DE0A0C8B83E /* PBXTargetDependency */ = {
			isa = PBXTargetDependency;
			target = 2161A59F8D3596C65FB50F10 /* AIApp */;
			targetProxy = 6A13A86266CDEDBD51412239 /* PBXContainerItemProxy */;
		};
		D467B78577055113D89C1B52 /* PBXTargetDependency */ = {
			isa = PBXTargetDependency;
			target = 7BA3EC0A140D78AF040085E5 /* AIAppLiveActivity */;
			targetProxy = 0B2A6E4BE518D00C4B734C9C /* PBXContainerItemProxy */;
		};
/* End PBXTargetDependency section */

/* Begin XCBuildConfiguration section */
		0F2B344756F1E89A5F11DA3C /* Debug */ = {
			isa = XCBuildConfiguration;
			buildSettings = {
				ASSETCATALOG_COMPILER_APPICON_NAME = AppIcon;
				ASSETCATALOG_COMPILER_GLOBAL_ACCENT_COLOR_NAME = AccentColor;
				CODE_SIGN_ENTITLEMENTS = AIApp/AIApp.entitlements;
				CODE_SIGN_IDENTITY = "iPhone Developer";
				CODE_SIGN_STYLE = Automatic;
				CURRENT_PROJECT_VERSION = 1;
				DEVELOPMENT_TEAM = H8FW6W6K2D;
				INFOPLIST_FILE = AIApp/Info.plist;
				LD_RUNPATH_SEARCH_PATHS = (
					"$(inherited)",
					"@executable_path/Frameworks",
				);
				MARKETING_VERSION = 0.6.0;
				PRODUCT_BUNDLE_IDENTIFIER = com.aiity.app;
				SDKROOT = iphoneos;
				SWIFT_VERSION = 5.9;
				TARGETED_DEVICE_FAMILY = 1;
			};
			name = Debug;
		};
		2D45F93F31C5F993E0CB39DA /* Debug */ = {
			isa = XCBuildConfiguration;
			buildSettings = {
				CODE_SIGN_STYLE = Automatic;
				CURRENT_PROJECT_VERSION = 1;
				DEVELOPMENT_TEAM = H8FW6W6K2D;
				INFOPLIST_FILE = AIAppLiveActivity/Info.plist;
				LD_RUNPATH_SEARCH_PATHS = (
					"$(inherited)",
					"@executable_path/Frameworks",
					"@executable_path/../../Frameworks",
				);
				MARKETING_VERSION = 0.6.0;
				PRODUCT_BUNDLE_IDENTIFIER = com.aiity.app.AgentActivity;
				SDKROOT = iphoneos;
				SKIP_INSTALL = YES;
				SWIFT_VERSION = 5.9;
				TARGETED_DEVICE_FAMILY = 1;
			};
			name = Debug;
		};
		3C4768DDA2C88F70E94A441E /* Release */ = {
			isa = XCBuildConfiguration;
			buildSettings = {
				ALWAYS_SEARCH_USER_PATHS = NO;
				CLANG_ANALYZER_NONNULL = YES;
				CLANG_ANALYZER_NUMBER_OBJECT_CONVERSION = YES_AGGRESSIVE;
				CLANG_CXX_LANGUAGE_STANDARD = "gnu++14";
				CLANG_CXX_LIBRARY = "libc++";
				CLANG_ENABLE_MODULES = YES;
				CLANG_ENABLE_OBJC_ARC = YES;
				CLANG_ENABLE_OBJC_WEAK = YES;
				CLANG_WARN_BLOCK_CAPTURE_AUTORELEASING = YES;
				CLANG_WARN_BOOL_CONVERSION = YES;
				CLANG_WARN_COMMA = YES;
				CLANG_WARN_CONSTANT_CONVERSION = YES;
				CLANG_WARN_DEPRECATED_OBJC_IMPLEMENTATIONS = YES;
				CLANG_WARN_DIRECT_OBJC_ISA_USAGE = YES_ERROR;
				CLANG_WARN_DOCUMENTATION_COMMENTS = YES;
				CLANG_WARN_EMPTY_BODY = YES;
				CLANG_WARN_ENUM_CONVERSION = YES;
				CLANG_WARN_INFINITE_RECURSION = YES;
				CLANG_WARN_INT_CONVERSION = YES;
				CLANG_WARN_NON_LITERAL_NULL_CONVERSION = YES;
				CLANG_WARN_OBJC_IMPLICIT_RETAIN_SELF = YES;
				CLANG_WARN_OBJC_LITERAL_CONVERSION = YES;
				CLANG_WARN_OBJC_ROOT_CLASS = YES_ERROR;
				CLANG_WARN_QUOTED_INCLUDE_IN_FRAMEWORK_HEADER = YES;
				CLANG_WARN_RANGE_LOOP_ANALYSIS = YES;
				CLANG_WARN_STRICT_PROTOTYPES = YES;
				CLANG_WARN_SUSPICIOUS_MOVE = YES;
				CLANG_WARN_UNGUARDED_AVAILABILITY = YES_AGGRESSIVE;
				CLANG_WARN_UNREACHABLE_CODE = YES;
				CLANG_WARN__DUPLICATE_METHOD_MATCH = YES;
				COPY_PHASE_STRIP = NO;
				DEBUG_INFORMATION_FORMAT = "dwarf-with-dsym";
				ENABLE_NS_ASSERTIONS = NO;
				ENABLE_STRICT_OBJC_MSGSEND = YES;
				GCC_C_LANGUAGE_STANDARD = gnu11;
				GCC_NO_COMMON_BLOCKS = YES;
				GCC_WARN_64_TO_32_BIT_CONVERSION = YES;
				GCC_WARN_ABOUT_RETURN_TYPE = YES_ERROR;
				GCC_WARN_UNDECLARED_SELECTOR = YES;
				GCC_WARN_UNINITIALIZED_AUTOS = YES_AGGRESSIVE;
				GCC_WARN_UNUSED_FUNCTION = YES;
				GCC_WARN_UNUSED_VARIABLE = YES;
				IPHONEOS_DEPLOYMENT_TARGET = 17.0;
				MTL_ENABLE_DEBUG_INFO = NO;
				MTL_FAST_MATH = YES;
				PRODUCT_NAME = "$(TARGET_NAME)";
				SDKROOT = iphoneos;
				SWIFT_COMPILATION_MODE = wholemodule;
				SWIFT_OPTIMIZATION_LEVEL = "-O";
				SWIFT_VERSION = 5.0;
			};
			name = Release;
		};
		5267CA51D8AAB873A0CFF169 /* Debug */ = {
			isa = XCBuildConfiguration;
			buildSettings = {
				BUNDLE_LOADER = "$(TEST_HOST)";
				LD_RUNPATH_SEARCH_PATHS = (
					"$(inherited)",
					"@executable_path/Frameworks",
					"@loader_path/Frameworks",
				);
				PRODUCT_BUNDLE_IDENTIFIER = com.aiity.app.uitests;
				SDKROOT = iphoneos;
				SWIFT_VERSION = 5.9;
				TARGETED_DEVICE_FAMILY = "1,2";
				TEST_TARGET_NAME = AIApp;
			};
			name = Debug;
		};
		6A2B95CA12737CD84232E2C4 /* Release */ = {
			isa = XCBuildConfiguration;
			buildSettings = {
				ASSETCATALOG_COMPILER_APPICON_NAME = AppIcon;
				ASSETCATALOG_COMPILER_GLOBAL_ACCENT_COLOR_NAME = AccentColor;
				CODE_SIGN_ENTITLEMENTS = AIApp/AIApp.entitlements;
				CODE_SIGN_IDENTITY = "iPhone Developer";
				CODE_SIGN_STYLE = Automatic;
				CURRENT_PROJECT_VERSION = 1;
				DEVELOPMENT_TEAM = H8FW6W6K2D;
				INFOPLIST_FILE = AIApp/Info.plist;
				LD_RUNPATH_SEARCH_PATHS = (
					"$(inherited)",
					"@executable_path/Frameworks",
				);
				MARKETING_VERSION = 0.6.0;
				PRODUCT_BUNDLE_IDENTIFIER = com.aiity.app;
				SDKROOT = iphoneos;
				SWIFT_VERSION = 5.9;
				TARGETED_DEVICE_FAMILY = 1;
			};
			name = Release;
		};
		6BA86C697656EAC3E720D26F /* Release */ = {
			isa = XCBuildConfiguration;
			buildSettings = {
				CODE_SIGN_STYLE = Automatic;
				CURRENT_PROJECT_VERSION = 1;
				DEVELOPMENT_TEAM = H8FW6W6K2D;
				INFOPLIST_FILE = AIAppLiveActivity/Info.plist;
				LD_RUNPATH_SEARCH_PATHS = (
					"$(inherited)",
					"@executable_path/Frameworks",
					"@executable_path/../../Frameworks",
				);
				MARKETING_VERSION = 0.6.0;
				PRODUCT_BUNDLE_IDENTIFIER = com.aiity.app.AgentActivity;
				SDKROOT = iphoneos;
				SKIP_INSTALL = YES;
				SWIFT_VERSION = 5.9;
				TARGETED_DEVICE_FAMILY = 1;
			};
			name = Release;
		};
		6E1092A70EB8AF175DD48638 /* Debug */ = {
			isa = XCBuildConfiguration;
			buildSettings = {
				ALWAYS_SEARCH_USER_PATHS = NO;
				CLANG_ANALYZER_NONNULL = YES;
				CLANG_ANALYZER_NUMBER_OBJECT_CONVERSION = YES_AGGRESSIVE;
				CLANG_CXX_LANGUAGE_STANDARD = "gnu++14";
				CLANG_CXX_LIBRARY = "libc++";
				CLANG_ENABLE_MODULES = YES;
				CLANG_ENABLE_OBJC_ARC = YES;
				CLANG_ENABLE_OBJC_WEAK = YES;
				CLANG_WARN_BLOCK_CAPTURE_AUTORELEASING = YES;
				CLANG_WARN_BOOL_CONVERSION = YES;
				CLANG_WARN_COMMA = YES;
				CLANG_WARN_CONSTANT_CONVERSION = YES;
				CLANG_WARN_DEPRECATED_OBJC_IMPLEMENTATIONS = YES;
				CLANG_WARN_DIRECT_OBJC_ISA_USAGE = YES_ERROR;
				CLANG_WARN_DOCUMENTATION_COMMENTS = YES;
				CLANG_WARN_EMPTY_BODY = YES;
				CLANG_WARN_ENUM_CONVERSION = YES;
				CLANG_WARN_INFINITE_RECURSION = YES;
				CLANG_WARN_INT_CONVERSION = YES;
				CLANG_WARN_NON_LITERAL_NULL_CONVERSION = YES;
				CLANG_WARN_OBJC_IMPLICIT_RETAIN_SELF = YES;
				CLANG_WARN_OBJC_LITERAL_CONVERSION = YES;
				CLANG_WARN_OBJC_ROOT_CLASS = YES_ERROR;
				CLANG_WARN_QUOTED_INCLUDE_IN_FRAMEWORK_HEADER = YES;
				CLANG_WARN_RANGE_LOOP_ANALYSIS = YES;
				CLANG_WARN_STRICT_PROTOTYPES = YES;
				CLANG_WARN_SUSPICIOUS_MOVE = YES;
				CLANG_WARN_UNGUARDED_AVAILABILITY = YES_AGGRESSIVE;
				CLANG_WARN_UNREACHABLE_CODE = YES;
				CLANG_WARN__DUPLICATE_METHOD_MATCH = YES;
				COPY_PHASE_STRIP = NO;
				DEBUG_INFORMATION_FORMAT = dwarf;
				ENABLE_STRICT_OBJC_MSGSEND = YES;
				ENABLE_TESTABILITY = YES;
				GCC_C_LANGUAGE_STANDARD = gnu11;
				GCC_DYNAMIC_NO_PIC = NO;
				GCC_NO_COMMON_BLOCKS = YES;
				GCC_OPTIMIZATION_LEVEL = 0;
				GCC_PREPROCESSOR_DEFINITIONS = (
					"$(inherited)",
					"DEBUG=1",
				);
				GCC_WARN_64_TO_32_BIT_CONVERSION = YES;
				GCC_WARN_ABOUT_RETURN_TYPE = YES_ERROR;
				GCC_WARN_UNDECLARED_SELECTOR = YES;
				GCC_WARN_UNINITIALIZED_AUTOS = YES_AGGRESSIVE;
				GCC_WARN_UNUSED_FUNCTION = YES;
				GCC_WARN_UNUSED_VARIABLE = YES;
				IPHONEOS_DEPLOYMENT_TARGET = 17.0;
				MTL_ENABLE_DEBUG_INFO = INCLUDE_SOURCE;
				MTL_FAST_MATH = YES;
				ONLY_ACTIVE_ARCH = YES;
				PRODUCT_NAME = "$(TARGET_NAME)";
				SDKROOT = iphoneos;
				SWIFT_ACTIVE_COMPILATION_CONDITIONS = DEBUG;
				SWIFT_OPTIMIZATION_LEVEL = "-Onone";
				SWIFT_VERSION = 5.0;
			};
			name = Debug;
		};
		7BA27D2C0B61E75F935791FE /* Debug */ = {
			isa = XCBuildConfiguration;
			buildSettings = {
				BUNDLE_LOADER = "$(TEST_HOST)";
				LD_RUNPATH_SEARCH_PATHS = (
					"$(inherited)",
					"@executable_path/Frameworks",
					"@loader_path/Frameworks",
				);
				PRODUCT_BUNDLE_IDENTIFIER = com.aiity.app.tests;
				SDKROOT = iphoneos;
				SWIFT_VERSION = 5.9;
				TARGETED_DEVICE_FAMILY = "1,2";
				TEST_HOST = "$(BUILT_PRODUCTS_DIR)/AIApp.app/AIApp";
			};
			name = Debug;
		};
		87448F548B0A4E90B650BC3A /* Release */ = {
			isa = XCBuildConfiguration;
			buildSettings = {
				BUNDLE_LOADER = "$(TEST_HOST)";
				LD_RUNPATH_SEARCH_PATHS = (
					"$(inherited)",
					"@executable_path/Frameworks",
					"@loader_path/Frameworks",
				);
				PRODUCT_BUNDLE_IDENTIFIER = com.aiity.app.tests;
				SDKROOT = iphoneos;
				SWIFT_VERSION = 5.9;
				TARGETED_DEVICE_FAMILY = "1,2";
				TEST_HOST = "$(BUILT_PRODUCTS_DIR)/AIApp.app/AIApp";
			};
			name = Release;
		};
		C7BFE2CAB107D1BFB78057B8 /* Release */ = {
			isa = XCBuildConfiguration;
			buildSettings = {
				BUNDLE_LOADER = "$(TEST_HOST)";
				LD_RUNPATH_SEARCH_PATHS = (
					"$(inherited)",
					"@executable_path/Frameworks",
					"@loader_path/Frameworks",
				);
				PRODUCT_BUNDLE_IDENTIFIER = com.aiity.app.uitests;
				SDKROOT = iphoneos;
				SWIFT_VERSION = 5.9;
				TARGETED_DEVICE_FAMILY = "1,2";
				TEST_TARGET_NAME = AIApp;
			};
			name = Release;
		};
/* End XCBuildConfiguration section */

/* Begin XCConfigurationList section */
		017811DB2EE9CDCBD426DCF5 /* Build configuration list for PBXProject "AIApp" */ = {
			isa = XCConfigurationList;
			buildConfigurations = (
				6E1092A70EB8AF175DD48638 /* Debug */,
				3C4768DDA2C88F70E94A441E /* Release */,
			);
			defaultConfigurationIsVisible = 0;
			defaultConfigurationName = Debug;
		};
		0DD17D56B4AA085A1E8FB8DA /* Build configuration list for PBXNativeTarget "AIAppUITests" */ = {
			isa = XCConfigurationList;
			buildConfigurations = (
				5267CA51D8AAB873A0CFF169 /* Debug */,
				C7BFE2CAB107D1BFB78057B8 /* Release */,
			);
			defaultConfigurationIsVisible = 0;
			defaultConfigurationName = Debug;
		};
		151198FD579D763425CECD03 /* Build configuration list for PBXNativeTarget "AIAppLiveActivity" */ = {
			isa = XCConfigurationList;
			buildConfigurations = (
				2D45F93F31C5F993E0CB39DA /* Debug */,
				6BA86C697656EAC3E720D26F /* Release */,
			);
			defaultConfigurationIsVisible = 0;
			defaultConfigurationName = Debug;
		};
		5EED15877995CC56D05B213C /* Build configuration list for PBXNativeTarget "AIApp" */ = {
			isa = XCConfigurationList;
			buildConfigurations = (
				0F2B344756F1E89A5F11DA3C /* Debug */,
				6A2B95CA12737CD84232E2C4 /* Release */,
			);
			defaultConfigurationIsVisible = 0;
			defaultConfigurationName = Debug;
		};
		DD4AE4673BBE50F42E7E32ED /* Build configuration list for PBXNativeTarget "AIAppTests" */ = {
			isa = XCConfigurationList;
			buildConfigurations = (
				7BA27D2C0B61E75F935791FE /* Debug */,
				87448F548B0A4E90B650BC3A /* Release */,
			);
			defaultConfigurationIsVisible = 0;
			defaultConfigurationName = Debug;
		};
/* End XCConfigurationList section */

/* Begin XCRemoteSwiftPackageReference section */
		A0D277EDD4331CF344D728EA /* XCRemoteSwiftPackageReference "mlx-swift-lm" */ = {
			isa = XCRemoteSwiftPackageReference;
			repositoryURL = "https://github.com/ml-explore/mlx-swift-lm";
			requirement = {
				kind = exactVersion;
				version = 2.31.3;
			};
		};
/* End XCRemoteSwiftPackageReference section */

/* Begin XCSwiftPackageProductDependency section */
		68E7117D7176BD2E5BDF2039 /* MLXLLM */ = {
			isa = XCSwiftPackageProductDependency;
			package = A0D277EDD4331CF344D728EA /* XCRemoteSwiftPackageReference "mlx-swift-lm" */;
			productName = MLXLLM;
		};
		B87EE1D71C2386865E3FE7A7 /* MLXLMCommon */ = {
			isa = XCSwiftPackageProductDependency;
			package = A0D277EDD4331CF344D728EA /* XCRemoteSwiftPackageReference "mlx-swift-lm" */;
			productName = MLXLMCommon;
		};
/* End XCSwiftPackageProductDependency section */
	};
	rootObject = 772C3F865826218F94FA43B2 /* Project object */;
}
